// !$*UTF8*$!
{
	archiveVersion = 1;
	classes = {
	};
	objectVersion = 46;
	objects = {

/* Begin PBXAggregateTarget section */
		1B06839209564040A9B86F23 /* ZERO_CHECK */ = {
			isa = PBXAggregateTarget;
			buildConfigurationList = BCA508E10D494170BE48E217 /* Build configuration list for PBXAggregateTarget "ZERO_CHECK" */;
			buildPhases = (
				3D405A7C8F8047A49B1D4193 /* CMake Rules */,
			);
			dependencies = (
			);
			name = ZERO_CHECK;
			productName = ZERO_CHECK;
		};
		41664F4B28FA4EF19C9E1FC9 /* ALL_BUILD */ = {
			isa = PBXAggregateTarget;
			buildConfigurationList = 458E29C2F5CE4600AA7438C6 /* Build configuration list for PBXAggregateTarget "ALL_BUILD" */;
			buildPhases = (
				6B9939A080E846AFB5AA40EA /* CMake Rules */,
			);
			dependencies = (
				1C7A1AF5D5A747B3AAB65C17 /* PBXTargetDependency */,
				9A31E54802E8400A8B3AB3EC /* PBXTargetDependency */,
				B25055DBED5E4921A5913FFA /* PBXTargetDependency */,
				114BF43AC75E4763AD2B9DFA /* PBXTargetDependency */,
				39FC1D22E21B4A36B6AEC5E9 /* PBXTargetDependency */,
			);
			name = ALL_BUILD;
			productName = ALL_BUILD;
		};
/* End PBXAggregateTarget section */

/* Begin PBXBuildFile section */
		0306DDA92EBB495CBF2129D2 /* /Users/ssmilkshake/Documents/MUSIC-8903-2016-Assignment1/3rdparty/sndlib/vct.h */ = {isa = PBXBuildFile; fileRef = 6539D13A8F2D4E5189DACB96 /* /Users/ssmilkshake/Documents/MUSIC-8903-2016-Assignment1/3rdparty/sndlib/vct.h */; settings = {COMPILER_FLAGS = ""; }; };
		0A967A1CB467454597E58FFF /* /Users/ssmilkshake/Documents/MUSIC-8903-2016-Assignment1/3rdparty/sndlib/mus-config.h */ = {isa = PBXBuildFile; fileRef = CEA1A10D208A4E5EB5EC57E2 /* /Users/ssmilkshake/Documents/MUSIC-8903-2016-Assignment1/3rdparty/sndlib/mus-config.h */; settings = {COMPILER_FLAGS = ""; }; };
		100DA03EF6634854984113EE /* /Users/ssmilkshake/Documents/MUSIC-8903-2016-Assignment1/3rdparty/sndlib/sndlib2xen.h */ = {isa = PBXBuildFile; fileRef = AFD64811CACC41F49CB7926E /* /Users/ssmilkshake/Documents/MUSIC-8903-2016-Assignment1/3rdparty/sndlib/sndlib2xen.h */; settings = {COMPILER_FLAGS = ""; }; };
		14B9350A43104A8EA848CEB4 /* /Users/ssmilkshake/Documents/MUSIC-8903-2016-Assignment1/src/inc/Util.h */ = {isa = PBXBuildFile; fileRef = C1B91E07F89945AD813F29D3 /* /Users/ssmilkshake/Documents/MUSIC-8903-2016-Assignment1/src/inc/Util.h */; settings = {COMPILER_FLAGS = ""; }; };
		16480A86EF594C79A40A344A /* /Users/ssmilkshake/Documents/MUSIC-8903-2016-Assignment1/3rdparty/sndlib/CMakeLists.txt */ = {isa = PBXBuildFile; fileRef = 4D8CF53F008642F7B844B275 /* /Users/ssmilkshake/Documents/MUSIC-8903-2016-Assignment1/3rdparty/sndlib/CMakeLists.txt */; settings = {COMPILER_FLAGS = ""; }; };
		1C13FAB87B2D4A53BB85AD3E /* /Users/ssmilkshake/Documents/MUSIC-8903-2016-Assignment1/src/CombFilter/CombFilter.cpp */ = {isa = PBXBuildFile; fileRef = DBC98924CAA247A4A0C98238 /* /Users/ssmilkshake/Documents/MUSIC-8903-2016-Assignment1/src/CombFilter/CombFilter.cpp */; settings = {COMPILER_FLAGS = ""; }; };
		24608E088F134B35A8C6A42E /* /Users/ssmilkshake/Documents/MUSIC-8903-2016-Assignment1/3rdparty/sndlib/xen.h */ = {isa = PBXBuildFile; fileRef = B0AB7C9BDED14F5AB12C38B3 /* /Users/ssmilkshake/Documents/MUSIC-8903-2016-Assignment1/3rdparty/sndlib/xen.h */; settings = {COMPILER_FLAGS = ""; }; };
		2AFCAD2B802D4D76B4D76379 /* /Users/ssmilkshake/Documents/MUSIC-8903-2016-Assignment1/src/inc/Vector.h */ = {isa = PBXBuildFile; fileRef = 2B4A344F4E3246F99E9096EA /* /Users/ssmilkshake/Documents/MUSIC-8903-2016-Assignment1/src/inc/Vector.h */; settings = {COMPILER_FLAGS = ""; }; };
		2CEB670690D2448A908540C6 /* /Users/ssmilkshake/Documents/MUSIC-8903-2016-Assignment1/src/CombFilter/CMakeLists.txt */ = {isa = PBXBuildFile; fileRef = 657481C9A410485583B13F53 /* /Users/ssmilkshake/Documents/MUSIC-8903-2016-Assignment1/src/CombFilter/CMakeLists.txt */; settings = {COMPILER_FLAGS = ""; }; };
		34D6EDE774EE4AD18AEF500E /* /Users/ssmilkshake/Documents/MUSIC-8903-2016-Assignment1/src/inc/AudioFileIf.h */ = {isa = PBXBuildFile; fileRef = E27634B0C5354A84B5E74A19 /* /Users/ssmilkshake/Documents/MUSIC-8903-2016-Assignment1/src/inc/AudioFileIf.h */; settings = {COMPILER_FLAGS = ""; }; };
		41E885468CF744C799EABE4D /* /Users/ssmilkshake/Documents/MUSIC-8903-2016-Assignment1/3rdparty/sndlib/clm2xen.h */ = {isa = PBXBuildFile; fileRef = ACDA9F8A4EE6434DAF788537 /* /Users/ssmilkshake/Documents/MUSIC-8903-2016-Assignment1/3rdparty/sndlib/clm2xen.h */; settings = {COMPILER_FLAGS = ""; }; };
		433B9D1677084C6F9B95E0D0 /* /Users/ssmilkshake/Documents/MUSIC-8903-2016-Assignment1/3rdparty/sndlib/_sndlib.h */ = {isa = PBXBuildFile; fileRef = 190D2A3F61554A158CB0D254 /* /Users/ssmilkshake/Documents/MUSIC-8903-2016-Assignment1/3rdparty/sndlib/_sndlib.h */; settings = {COMPILER_FLAGS = ""; }; };
		44F8EF684B1944EC8DD5FCEE /* /Users/ssmilkshake/Documents/MUSIC-8903-2016-Assignment1/src/AudioFileIO/CMakeLists.txt */ = {isa = PBXBuildFile; fileRef = 3F4D2BE489B14966B68AF8AD /* /Users/ssmilkshake/Documents/MUSIC-8903-2016-Assignment1/src/AudioFileIO/CMakeLists.txt */; settings = {COMPILER_FLAGS = ""; }; };
		4BA6C53EE4E74955830DD7E9 /* /Users/ssmilkshake/Documents/MUSIC-8903-2016-Assignment1/3rdparty/sndlib/clm.h */ = {isa = PBXBuildFile; fileRef = 9FE8E61B12DB4EC58D8F43D1 /* /Users/ssmilkshake/Documents/MUSIC-8903-2016-Assignment1/3rdparty/sndlib/clm.h */; settings = {COMPILER_FLAGS = ""; }; };
		51C49E50F8AB43399284E9E7 /* /Users/ssmilkshake/Documents/MUSIC-8903-2016-Assignment1/3rdparty/sndlib/sound.c */ = {isa = PBXBuildFile; fileRef = FDA1710636CB4768900C4F88 /* /Users/ssmilkshake/Documents/MUSIC-8903-2016-Assignment1/3rdparty/sndlib/sound.c */; settings = {COMPILER_FLAGS = ""; }; };
		56DC4112051A4762A36EFA9A /* /Users/ssmilkshake/Documents/MUSIC-8903-2016-Assignment1/3rdparty/sndlib/headers.c */ = {isa = PBXBuildFile; fileRef = 57FCECC23416431DAB91AE9D /* /Users/ssmilkshake/Documents/MUSIC-8903-2016-Assignment1/3rdparty/sndlib/headers.c */; settings = {COMPILER_FLAGS = ""; }; };
		646C112A1D4443A0B560727D /* /Users/ssmilkshake/Documents/MUSIC-8903-2016-Assignment1/3rdparty/sndlib/sndlib-strings.h */ = {isa = PBXBuildFile; fileRef = 1A146372C109403995BF4818 /* /Users/ssmilkshake/Documents/MUSIC-8903-2016-Assignment1/3rdparty/sndlib/sndlib-strings.h */; settings = {COMPILER_FLAGS = ""; }; };
		680B9ABB67B248DBB1C32774 /* /Users/ssmilkshake/Documents/MUSIC-8903-2016-Assignment1/3rdparty/sndlib/xen.c */ = {isa = PBXBuildFile; fileRef = 1E44C9DC981246B7B2FB01F1 /* /Users/ssmilkshake/Documents/MUSIC-8903-2016-Assignment1/3rdparty/sndlib/xen.c */; settings = {COMPILER_FLAGS = ""; }; };
		7C06A2D6AC04414AB7D7D1D6 /* /Users/ssmilkshake/Documents/MUSIC-8903-2016-Assignment1/src/AudioFileIO/AudioFile.cpp */ = {isa = PBXBuildFile; fileRef = F82D048B58F04A17AD8CB51A /* /Users/ssmilkshake/Documents/MUSIC-8903-2016-Assignment1/src/AudioFileIO/AudioFile.cpp */; settings = {COMPILER_FLAGS = ""; }; };
		80FC3F06B4924EB18D65BD15 /* /Users/ssmilkshake/Documents/MUSIC-8903-2016-Assignment1/3rdparty/sndlib/audio.c */ = {isa = PBXBuildFile; fileRef = 3A9096A6D7754C2387180CBB /* /Users/ssmilkshake/Documents/MUSIC-8903-2016-Assignment1/3rdparty/sndlib/audio.c */; settings = {COMPILER_FLAGS = ""; }; };
		88F6096901FE4A9DBF9676E9 /* /Users/ssmilkshake/Documents/MUSIC-8903-2016-Assignment1/3rdparty/sndlib/s7.c */ = {isa = PBXBuildFile; fileRef = 9E1CA4F219EF4F9D9E3E635E /* /Users/ssmilkshake/Documents/MUSIC-8903-2016-Assignment1/3rdparty/sndlib/s7.c */; settings = {COMPILER_FLAGS = ""; }; };
		8B2139FE54164B92AB0842C3 /* /Users/ssmilkshake/Documents/MUSIC-8903-2016-Assignment1/src/inc/Vector.h */ = {isa = PBXBuildFile; fileRef = BD436A4411544541BC77A083 /* /Users/ssmilkshake/Documents/MUSIC-8903-2016-Assignment1/src/inc/Vector.h */; settings = {COMPILER_FLAGS = ""; }; };
		8B86335C280143BF9E1FAB14 /* /Users/ssmilkshake/Documents/MUSIC-8903-2016-Assignment1/3rdparty/sndlib/sndlib2xen.c */ = {isa = PBXBuildFile; fileRef = FF31066BD79D4F07A17D6531 /* /Users/ssmilkshake/Documents/MUSIC-8903-2016-Assignment1/3rdparty/sndlib/sndlib2xen.c */; settings = {COMPILER_FLAGS = ""; }; };
		8D4453B634A945F0ACA341BD /* /Users/ssmilkshake/Documents/MUSIC-8903-2016-Assignment1/3rdparty/sndlib/clm-strings.h */ = {isa = PBXBuildFile; fileRef = 60F3B7D76CA94F84A3BBBC6C /* /Users/ssmilkshake/Documents/MUSIC-8903-2016-Assignment1/3rdparty/sndlib/clm-strings.h */; settings = {COMPILER_FLAGS = ""; }; };
		906D39A319F049DF84C94052 /* /Users/ssmilkshake/Documents/MUSIC-8903-2016-Assignment1/3rdparty/sndlib/unix-config.h */ = {isa = PBXBuildFile; fileRef = FC535B199E4A460F892674ED /* /Users/ssmilkshake/Documents/MUSIC-8903-2016-Assignment1/3rdparty/sndlib/unix-config.h */; settings = {COMPILER_FLAGS = ""; }; };
		9BE7824C0D2D404A9385CC51 /* /Users/ssmilkshake/Documents/MUSIC-8903-2016-Assignment1/src/AudioFileIO/AudioFileIf.cpp */ = {isa = PBXBuildFile; fileRef = 4A2E26B45C0C4C3082133E65 /* /Users/ssmilkshake/Documents/MUSIC-8903-2016-Assignment1/src/AudioFileIO/AudioFileIf.cpp */; settings = {COMPILER_FLAGS = ""; }; };
		9DAA6F71B9C143CD91603AC6 /* /Users/ssmilkshake/Documents/MUSIC-8903-2016-Assignment1/3rdparty/sndlib/io.c */ = {isa = PBXBuildFile; fileRef = ECA2B3152E714C93B4339D19 /* /Users/ssmilkshake/Documents/MUSIC-8903-2016-Assignment1/3rdparty/sndlib/io.c */; settings = {COMPILER_FLAGS = ""; }; };
		B3C8009E816C4D368EBFD101 /* /Users/ssmilkshake/Documents/MUSIC-8903-2016-Assignment1/3rdparty/sndlib/vct.c */ = {isa = PBXBuildFile; fileRef = 1B6AF185103048F3950D4521 /* /Users/ssmilkshake/Documents/MUSIC-8903-2016-Assignment1/3rdparty/sndlib/vct.c */; settings = {COMPILER_FLAGS = ""; }; };
		B441A49CFA6443119F64B7B4 /* /Users/ssmilkshake/Documents/MUSIC-8903-2016-Assignment1/src/inc/CombFilter.hpp */ = {isa = PBXBuildFile; fileRef = 768D072D570247D0881A088E /* /Users/ssmilkshake/Documents/MUSIC-8903-2016-Assignment1/src/inc/CombFilter.hpp */; settings = {COMPILER_FLAGS = ""; }; };
		BA811408C9B046608889EBB7 /* /Users/ssmilkshake/Documents/MUSIC-8903-2016-Assignment1/src/MUSI8903Exec/CMakeLists.txt */ = {isa = PBXBuildFile; fileRef = 74BCC241626D42459CB44993 /* /Users/ssmilkshake/Documents/MUSIC-8903-2016-Assignment1/src/MUSI8903Exec/CMakeLists.txt */; settings = {COMPILER_FLAGS = ""; }; };
		BF9A8E8C0ECE43EA86AC1854 /* /Users/ssmilkshake/Documents/MUSIC-8903-2016-Assignment1/3rdparty/sndlib/clm2xen.c */ = {isa = PBXBuildFile; fileRef = 5F3DAB0ACC424BDB818488D0 /* /Users/ssmilkshake/Documents/MUSIC-8903-2016-Assignment1/3rdparty/sndlib/clm2xen.c */; settings = {COMPILER_FLAGS = ""; }; };
		C0D2F73A1B6040B1A136C6E7 /* /Users/ssmilkshake/Documents/MUSIC-8903-2016-Assignment1/3rdparty/sndlib/clm.c */ = {isa = PBXBuildFile; fileRef = 7CEA6AF2E7FD4187AB94E838 /* /Users/ssmilkshake/Documents/MUSIC-8903-2016-Assignment1/3rdparty/sndlib/clm.c */; settings = {COMPILER_FLAGS = ""; }; };
		C150067FADA840449E87F342 /* /Users/ssmilkshake/Documents/MUSIC-8903-2016-Assignment1/3rdparty/sndlib/sndlib.h */ = {isa = PBXBuildFile; fileRef = CEBF4E2B3740493CB4966171 /* /Users/ssmilkshake/Documents/MUSIC-8903-2016-Assignment1/3rdparty/sndlib/sndlib.h */; settings = {COMPILER_FLAGS = ""; }; };
		C51D0981A9544CBFA02473FA /* /Users/ssmilkshake/Documents/MUSIC-8903-2016-Assignment1/src/inc/RingBuffer.h */ = {isa = PBXBuildFile; fileRef = 169AE308611C44DAA67166C9 /* /Users/ssmilkshake/Documents/MUSIC-8903-2016-Assignment1/src/inc/RingBuffer.h */; settings = {COMPILER_FLAGS = ""; }; };
		CF17E27E0ECD44C3BA727898 /* /Users/ssmilkshake/Documents/MUSIC-8903-2016-Assignment1/src/MUSI8903Exec/MUSI8903Exec.cpp */ = {isa = PBXBuildFile; fileRef = 89CBC66A526E440A90BEFB72 /* /Users/ssmilkshake/Documents/MUSIC-8903-2016-Assignment1/src/MUSI8903Exec/MUSI8903Exec.cpp */; settings = {COMPILER_FLAGS = ""; }; };
		E44831E1FAE74AD89E068E11 /* /Users/ssmilkshake/Documents/MUSIC-8903-2016-Assignment1/src/inc/Util.h */ = {isa = PBXBuildFile; fileRef = B4FDB6CA15C94EDE8E948389 /* /Users/ssmilkshake/Documents/MUSIC-8903-2016-Assignment1/src/inc/Util.h */; settings = {COMPILER_FLAGS = ""; }; };
		E5A9074092E74F8BB7DA9F71 /* /Users/ssmilkshake/Documents/MUSIC-8903-2016-Assignment1/src/inc/AudioFileIf.h */ = {isa = PBXBuildFile; fileRef = 45D6A77A9A6F411A846C7288 /* /Users/ssmilkshake/Documents/MUSIC-8903-2016-Assignment1/src/inc/AudioFileIf.h */; settings = {COMPILER_FLAGS = ""; }; };
		E8A1BBEB1ECA4195B5487C1C /* /Users/ssmilkshake/Documents/MUSIC-8903-2016-Assignment1/3rdparty/sndlib/s7.h */ = {isa = PBXBuildFile; fileRef = 17D99150560441B695AC247D /* /Users/ssmilkshake/Documents/MUSIC-8903-2016-Assignment1/3rdparty/sndlib/s7.h */; settings = {COMPILER_FLAGS = ""; }; };
		F2CB2BBF0626496D9FBB73B9 /* /Users/ssmilkshake/Documents/MUSIC-8903-2016-Assignment1/src/inc/CombFilter.hpp */ = {isa = PBXBuildFile; fileRef = 8FF575FCA4174B48AF97061B /* /Users/ssmilkshake/Documents/MUSIC-8903-2016-Assignment1/src/inc/CombFilter.hpp */; settings = {COMPILER_FLAGS = ""; }; };
		FDDFB9DEECD7470BABF52FD0 /* /Users/ssmilkshake/Documents/MUSIC-8903-2016-Assignment1/src/AudioFileIO/AudioFile.h */ = {isa = PBXBuildFile; fileRef = A5B293000D0245E0822F7950 /* /Users/ssmilkshake/Documents/MUSIC-8903-2016-Assignment1/src/AudioFileIO/AudioFile.h */; settings = {COMPILER_FLAGS = ""; }; };
		FF49D0D6849448D9A3F7209C /* /Users/ssmilkshake/Documents/MUSIC-8903-2016-Assignment1/src/inc/RingBuffer.h */ = {isa = PBXBuildFile; fileRef = 263CC3E272B84692AE01C0A2 /* /Users/ssmilkshake/Documents/MUSIC-8903-2016-Assignment1/src/inc/RingBuffer.h */; settings = {COMPILER_FLAGS = ""; }; };
/* End PBXBuildFile section */

/* Begin PBXBuildStyle section */
		5644AA442FFC467787B88A1F /* RelWithDebInfo */ = {
			isa = PBXBuildStyle;
			buildSettings = {
				COPY_PHASE_STRIP = NO;
			};
			name = RelWithDebInfo;
		};
		57947322EDBF40D7B0E4495F = {
			isa = PBXBuildStyle;
		};
		8D07D8D16F6343ACADB85E6E /* Release */ = {
			isa = PBXBuildStyle;
			buildSettings = {
				COPY_PHASE_STRIP = NO;
			};
			name = Release;
		};
		B26560370E0D449F909986D1 /* MinSizeRel */ = {
			isa = PBXBuildStyle;
			buildSettings = {
				COPY_PHASE_STRIP = NO;
			};
			name = MinSizeRel;
		};
		BF72E9CAFDD94112AE45CA36 /* Debug */ = {
			isa = PBXBuildStyle;
			buildSettings = {
				COPY_PHASE_STRIP = NO;
			};
			name = Debug;
		};
/* End PBXBuildStyle section */

/* Begin PBXContainerItemProxy section */
		0055470F41034E398A925FB4 /* PBXContainerItemProxy */ = {
			isa = PBXContainerItemProxy;
			containerPortal = 9554A12372F54214B0E6BDCF /* Project object */;
			proxyType = 1;
			remoteGlobalIDString = 5C4D6F09C86345D38571BA8B;
			remoteInfo = CombFilter;
		};
		0ABBD894920F421A95A1BDF6 /* PBXContainerItemProxy */ = {
			isa = PBXContainerItemProxy;
			containerPortal = 9554A12372F54214B0E6BDCF /* Project object */;
			proxyType = 1;
			remoteGlobalIDString = 1B06839209564040A9B86F23;
			remoteInfo = ZERO_CHECK;
		};
		31F4296CD9E541038D98BF01 /* PBXContainerItemProxy */ = {
			isa = PBXContainerItemProxy;
			containerPortal = 9554A12372F54214B0E6BDCF /* Project object */;
			proxyType = 1;
			remoteGlobalIDString = 1B06839209564040A9B86F23;
			remoteInfo = ZERO_CHECK;
		};
		441E7A14EC8541B98C55F445 /* PBXContainerItemProxy */ = {
			isa = PBXContainerItemProxy;
			containerPortal = 9554A12372F54214B0E6BDCF /* Project object */;
			proxyType = 1;
			remoteGlobalIDString = 030F14F86EB949EB8EE1DC60;
			remoteInfo = AudioFileIO;
		};
		4C8A4059AB744C11AE9A7D00 /* PBXContainerItemProxy */ = {
			isa = PBXContainerItemProxy;
			containerPortal = 9554A12372F54214B0E6BDCF /* Project object */;
			proxyType = 1;
			remoteGlobalIDString = 11568F7374F347539EDBEF9B;
			remoteInfo = sndlib;
		};
		661DDD3E91524F1DAC222B8D /* PBXContainerItemProxy */ = {
			isa = PBXContainerItemProxy;
			containerPortal = 9554A12372F54214B0E6BDCF /* Project object */;
			proxyType = 1;
			remoteGlobalIDString = 1B06839209564040A9B86F23;
			remoteInfo = ZERO_CHECK;
		};
		76182CBC72F94E03BDDE8E44 /* PBXContainerItemProxy */ = {
			isa = PBXContainerItemProxy;
			containerPortal = 9554A12372F54214B0E6BDCF /* Project object */;
			proxyType = 1;
			remoteGlobalIDString = FE75101337E2411084729585;
			remoteInfo = MUSI8903Exec;
		};
		7A9A33868BFF417388F18E2A /* PBXContainerItemProxy */ = {
			isa = PBXContainerItemProxy;
			containerPortal = 9554A12372F54214B0E6BDCF /* Project object */;
			proxyType = 1;
			remoteGlobalIDString = 030F14F86EB949EB8EE1DC60;
			remoteInfo = AudioFileIO;
		};
		87E04EB9F0C2458390CBF4A0 /* PBXContainerItemProxy */ = {
			isa = PBXContainerItemProxy;
			containerPortal = 9554A12372F54214B0E6BDCF /* Project object */;
			proxyType = 1;
			remoteGlobalIDString = 11568F7374F347539EDBEF9B;
			remoteInfo = sndlib;
		};
		9233C691CB704A9883746ADF /* PBXContainerItemProxy */ = {
			isa = PBXContainerItemProxy;
			containerPortal = 9554A12372F54214B0E6BDCF /* Project object */;
			proxyType = 1;
			remoteGlobalIDString = 1B06839209564040A9B86F23;
			remoteInfo = ZERO_CHECK;
		};
		A212F836C62C42FF9443FF51 /* PBXContainerItemProxy */ = {
			isa = PBXContainerItemProxy;
			containerPortal = 9554A12372F54214B0E6BDCF /* Project object */;
			proxyType = 1;
			remoteGlobalIDString = 11568F7374F347539EDBEF9B;
			remoteInfo = sndlib;
		};
		C76139FABCF54E8B90AE28EE /* PBXContainerItemProxy */ = {
			isa = PBXContainerItemProxy;
			containerPortal = 9554A12372F54214B0E6BDCF /* Project object */;
			proxyType = 1;
			remoteGlobalIDString = 1B06839209564040A9B86F23;
			remoteInfo = ZERO_CHECK;
		};
/* End PBXContainerItemProxy section */

/* Begin PBXFileReference section */
		169AE308611C44DAA67166C9 /* /Users/ssmilkshake/Documents/MUSIC-8903-2016-Assignment1/src/inc/RingBuffer.h */ = {isa = PBXFileReference; explicitFileType = sourcecode.c.h; fileEncoding = 4; name = RingBuffer.h; path = src/inc/RingBuffer.h; sourceTree = SOURCE_ROOT; };
		17D99150560441B695AC247D /* /Users/ssmilkshake/Documents/MUSIC-8903-2016-Assignment1/3rdparty/sndlib/s7.h */ = {isa = PBXFileReference; explicitFileType = sourcecode.c.h; fileEncoding = 4; name = s7.h; path = 3rdparty/sndlib/s7.h; sourceTree = SOURCE_ROOT; };
		190D2A3F61554A158CB0D254 /* /Users/ssmilkshake/Documents/MUSIC-8903-2016-Assignment1/3rdparty/sndlib/_sndlib.h */ = {isa = PBXFileReference; explicitFileType = sourcecode.c.h; fileEncoding = 4; name = _sndlib.h; path = 3rdparty/sndlib/_sndlib.h; sourceTree = SOURCE_ROOT; };
		1A146372C109403995BF4818 /* /Users/ssmilkshake/Documents/MUSIC-8903-2016-Assignment1/3rdparty/sndlib/sndlib-strings.h */ = {isa = PBXFileReference; explicitFileType = sourcecode.c.h; fileEncoding = 4; name = "sndlib-strings.h"; path = "3rdparty/sndlib/sndlib-strings.h"; sourceTree = SOURCE_ROOT; };
		1B6AF185103048F3950D4521 /* /Users/ssmilkshake/Documents/MUSIC-8903-2016-Assignment1/3rdparty/sndlib/vct.c */ = {isa = PBXFileReference; explicitFileType = sourcecode.c.c; fileEncoding = 4; name = vct.c; path = 3rdparty/sndlib/vct.c; sourceTree = SOURCE_ROOT; };
		1E44C9DC981246B7B2FB01F1 /* /Users/ssmilkshake/Documents/MUSIC-8903-2016-Assignment1/3rdparty/sndlib/xen.c */ = {isa = PBXFileReference; explicitFileType = sourcecode.c.c; fileEncoding = 4; name = xen.c; path = 3rdparty/sndlib/xen.c; sourceTree = SOURCE_ROOT; };
		21C643CED6A043AD83D99683 /* AudioFileIO */ = {isa = PBXFileReference; explicitFileType = archive.ar; path = libAudioFileIO.a; refType = 0; sourceTree = BUILT_PRODUCTS_DIR; };
		263CC3E272B84692AE01C0A2 /* /Users/ssmilkshake/Documents/MUSIC-8903-2016-Assignment1/src/inc/RingBuffer.h */ = {isa = PBXFileReference; explicitFileType = sourcecode.c.h; fileEncoding = 4; name = RingBuffer.h; path = src/inc/RingBuffer.h; sourceTree = SOURCE_ROOT; };
		2B4A344F4E3246F99E9096EA /* /Users/ssmilkshake/Documents/MUSIC-8903-2016-Assignment1/src/inc/Vector.h */ = {isa = PBXFileReference; explicitFileType = sourcecode.c.h; fileEncoding = 4; name = Vector.h; path = src/inc/Vector.h; sourceTree = SOURCE_ROOT; };
		2B80A45CCE0247B693158CD5 /* /Users/ssmilkshake/Documents/MUSIC-8903-2016-Assignment1/CMakeLists.txt */ = {isa = PBXFileReference; explicitFileType = sourcecode.text; fileEncoding = 4; name = CMakeLists.txt; path = CMakeLists.txt; sourceTree = SOURCE_ROOT; };
		3A9096A6D7754C2387180CBB /* /Users/ssmilkshake/Documents/MUSIC-8903-2016-Assignment1/3rdparty/sndlib/audio.c */ = {isa = PBXFileReference; explicitFileType = sourcecode.c.c; fileEncoding = 4; name = audio.c; path = 3rdparty/sndlib/audio.c; sourceTree = SOURCE_ROOT; };
		3F4D2BE489B14966B68AF8AD /* /Users/ssmilkshake/Documents/MUSIC-8903-2016-Assignment1/src/AudioFileIO/CMakeLists.txt */ = {isa = PBXFileReference; explicitFileType = sourcecode.text; fileEncoding = 4; name = CMakeLists.txt; path = src/AudioFileIO/CMakeLists.txt; sourceTree = SOURCE_ROOT; };
		45D6A77A9A6F411A846C7288 /* /Users/ssmilkshake/Documents/MUSIC-8903-2016-Assignment1/src/inc/AudioFileIf.h */ = {isa = PBXFileReference; explicitFileType = sourcecode.c.h; fileEncoding = 4; name = AudioFileIf.h; path = src/inc/AudioFileIf.h; sourceTree = SOURCE_ROOT; };
		4A2E26B45C0C4C3082133E65 /* /Users/ssmilkshake/Documents/MUSIC-8903-2016-Assignment1/src/AudioFileIO/AudioFileIf.cpp */ = {isa = PBXFileReference; explicitFileType = sourcecode.cpp.cpp; fileEncoding = 4; name = AudioFileIf.cpp; path = src/AudioFileIO/AudioFileIf.cpp; sourceTree = SOURCE_ROOT; };
		4D8CF53F008642F7B844B275 /* /Users/ssmilkshake/Documents/MUSIC-8903-2016-Assignment1/3rdparty/sndlib/CMakeLists.txt */ = {isa = PBXFileReference; explicitFileType = sourcecode.text; fileEncoding = 4; name = CMakeLists.txt; path = 3rdparty/sndlib/CMakeLists.txt; sourceTree = SOURCE_ROOT; };
		536D91704D9847DCB9B3C3D0 /* sndlib */ = {isa = PBXFileReference; explicitFileType = archive.ar; path = libsndlib.a; refType = 0; sourceTree = BUILT_PRODUCTS_DIR; };
		57FCECC23416431DAB91AE9D /* /Users/ssmilkshake/Documents/MUSIC-8903-2016-Assignment1/3rdparty/sndlib/headers.c */ = {isa = PBXFileReference; explicitFileType = sourcecode.c.c; fileEncoding = 4; name = headers.c; path = 3rdparty/sndlib/headers.c; sourceTree = SOURCE_ROOT; };
		5F3DAB0ACC424BDB818488D0 /* /Users/ssmilkshake/Documents/MUSIC-8903-2016-Assignment1/3rdparty/sndlib/clm2xen.c */ = {isa = PBXFileReference; explicitFileType = sourcecode.c.c; fileEncoding = 4; name = clm2xen.c; path = 3rdparty/sndlib/clm2xen.c; sourceTree = SOURCE_ROOT; };
		60F3B7D76CA94F84A3BBBC6C /* /Users/ssmilkshake/Documents/MUSIC-8903-2016-Assignment1/3rdparty/sndlib/clm-strings.h */ = {isa = PBXFileReference; explicitFileType = sourcecode.c.h; fileEncoding = 4; name = "clm-strings.h"; path = "3rdparty/sndlib/clm-strings.h"; sourceTree = SOURCE_ROOT; };
		6539D13A8F2D4E5189DACB96 /* /Users/ssmilkshake/Documents/MUSIC-8903-2016-Assignment1/3rdparty/sndlib/vct.h */ = {isa = PBXFileReference; explicitFileType = sourcecode.c.h; fileEncoding = 4; name = vct.h; path = 3rdparty/sndlib/vct.h; sourceTree = SOURCE_ROOT; };
		657481C9A410485583B13F53 /* /Users/ssmilkshake/Documents/MUSIC-8903-2016-Assignment1/src/CombFilter/CMakeLists.txt */ = {isa = PBXFileReference; explicitFileType = sourcecode.text; fileEncoding = 4; name = CMakeLists.txt; path = src/CombFilter/CMakeLists.txt; sourceTree = SOURCE_ROOT; };
		6E534D8B0DEF436C9F347106 /* CombFilter */ = {isa = PBXFileReference; explicitFileType = archive.ar; path = libCombFilter.a; refType = 0; sourceTree = BUILT_PRODUCTS_DIR; };
		700DD9C7EBD84694B7047A8D /* /Users/ssmilkshake/Documents/MUSIC-8903-2016-Assignment1/CMakeLists.txt */ = {isa = PBXFileReference; explicitFileType = sourcecode.text; fileEncoding = 4; name = CMakeLists.txt; path = CMakeLists.txt; sourceTree = SOURCE_ROOT; };
		74BCC241626D42459CB44993 /* /Users/ssmilkshake/Documents/MUSIC-8903-2016-Assignment1/src/MUSI8903Exec/CMakeLists.txt */ = {isa = PBXFileReference; explicitFileType = sourcecode.text; fileEncoding = 4; name = CMakeLists.txt; path = src/MUSI8903Exec/CMakeLists.txt; sourceTree = SOURCE_ROOT; };
		768D072D570247D0881A088E /* /Users/ssmilkshake/Documents/MUSIC-8903-2016-Assignment1/src/inc/CombFilter.hpp */ = {isa = PBXFileReference; explicitFileType = sourcecode.cpp.h; fileEncoding = 4; name = CombFilter.hpp; path = src/inc/CombFilter.hpp; sourceTree = SOURCE_ROOT; };
		7CEA6AF2E7FD4187AB94E838 /* /Users/ssmilkshake/Documents/MUSIC-8903-2016-Assignment1/3rdparty/sndlib/clm.c */ = {isa = PBXFileReference; explicitFileType = sourcecode.c.c; fileEncoding = 4; name = clm.c; path = 3rdparty/sndlib/clm.c; sourceTree = SOURCE_ROOT; };
		888DCC24F40846A1BE75F7A4 /* MUSI8903Exec */ = {isa = PBXFileReference; explicitFileType = "compiled.mach-o.executable"; path = MUSI8903Exec; refType = 0; sourceTree = BUILT_PRODUCTS_DIR; };
		89CBC66A526E440A90BEFB72 /* /Users/ssmilkshake/Documents/MUSIC-8903-2016-Assignment1/src/MUSI8903Exec/MUSI8903Exec.cpp */ = {isa = PBXFileReference; explicitFileType = sourcecode.cpp.cpp; fileEncoding = 4; name = MUSI8903Exec.cpp; path = src/MUSI8903Exec/MUSI8903Exec.cpp; sourceTree = SOURCE_ROOT; };
		8FF575FCA4174B48AF97061B /* /Users/ssmilkshake/Documents/MUSIC-8903-2016-Assignment1/src/inc/CombFilter.hpp */ = {isa = PBXFileReference; explicitFileType = sourcecode.cpp.h; fileEncoding = 4; name = CombFilter.hpp; path = src/inc/CombFilter.hpp; sourceTree = SOURCE_ROOT; };
		9E1CA4F219EF4F9D9E3E635E /* /Users/ssmilkshake/Documents/MUSIC-8903-2016-Assignment1/3rdparty/sndlib/s7.c */ = {isa = PBXFileReference; explicitFileType = sourcecode.c.c; fileEncoding = 4; name = s7.c; path = 3rdparty/sndlib/s7.c; sourceTree = SOURCE_ROOT; };
		9FE8E61B12DB4EC58D8F43D1 /* /Users/ssmilkshake/Documents/MUSIC-8903-2016-Assignment1/3rdparty/sndlib/clm.h */ = {isa = PBXFileReference; explicitFileType = sourcecode.c.h; fileEncoding = 4; name = clm.h; path = 3rdparty/sndlib/clm.h; sourceTree = SOURCE_ROOT; };
		A5B293000D0245E0822F7950 /* /Users/ssmilkshake/Documents/MUSIC-8903-2016-Assignment1/src/AudioFileIO/AudioFile.h */ = {isa = PBXFileReference; explicitFileType = sourcecode.c.h; fileEncoding = 4; name = AudioFile.h; path = src/AudioFileIO/AudioFile.h; sourceTree = SOURCE_ROOT; };
		ACDA9F8A4EE6434DAF788537 /* /Users/ssmilkshake/Documents/MUSIC-8903-2016-Assignment1/3rdparty/sndlib/clm2xen.h */ = {isa = PBXFileReference; explicitFileType = sourcecode.c.h; fileEncoding = 4; name = clm2xen.h; path = 3rdparty/sndlib/clm2xen.h; sourceTree = SOURCE_ROOT; };
		AFD64811CACC41F49CB7926E /* /Users/ssmilkshake/Documents/MUSIC-8903-2016-Assignment1/3rdparty/sndlib/sndlib2xen.h */ = {isa = PBXFileReference; explicitFileType = sourcecode.c.h; fileEncoding = 4; name = sndlib2xen.h; path = 3rdparty/sndlib/sndlib2xen.h; sourceTree = SOURCE_ROOT; };
		B0AB7C9BDED14F5AB12C38B3 /* /Users/ssmilkshake/Documents/MUSIC-8903-2016-Assignment1/3rdparty/sndlib/xen.h */ = {isa = PBXFileReference; explicitFileType = sourcecode.c.h; fileEncoding = 4; name = xen.h; path = 3rdparty/sndlib/xen.h; sourceTree = SOURCE_ROOT; };
		B4FDB6CA15C94EDE8E948389 /* /Users/ssmilkshake/Documents/MUSIC-8903-2016-Assignment1/src/inc/Util.h */ = {isa = PBXFileReference; explicitFileType = sourcecode.c.h; fileEncoding = 4; name = Util.h; path = src/inc/Util.h; sourceTree = SOURCE_ROOT; };
		BD436A4411544541BC77A083 /* /Users/ssmilkshake/Documents/MUSIC-8903-2016-Assignment1/src/inc/Vector.h */ = {isa = PBXFileReference; explicitFileType = sourcecode.c.h; fileEncoding = 4; name = Vector.h; path = src/inc/Vector.h; sourceTree = SOURCE_ROOT; };
		C1B91E07F89945AD813F29D3 /* /Users/ssmilkshake/Documents/MUSIC-8903-2016-Assignment1/src/inc/Util.h */ = {isa = PBXFileReference; explicitFileType = sourcecode.c.h; fileEncoding = 4; name = Util.h; path = src/inc/Util.h; sourceTree = SOURCE_ROOT; };
		CEA1A10D208A4E5EB5EC57E2 /* /Users/ssmilkshake/Documents/MUSIC-8903-2016-Assignment1/3rdparty/sndlib/mus-config.h */ = {isa = PBXFileReference; explicitFileType = sourcecode.c.h; fileEncoding = 4; name = "mus-config.h"; path = "3rdparty/sndlib/mus-config.h"; sourceTree = SOURCE_ROOT; };
		CEBF4E2B3740493CB4966171 /* /Users/ssmilkshake/Documents/MUSIC-8903-2016-Assignment1/3rdparty/sndlib/sndlib.h */ = {isa = PBXFileReference; explicitFileType = sourcecode.c.h; fileEncoding = 4; name = sndlib.h; path = 3rdparty/sndlib/sndlib.h; sourceTree = SOURCE_ROOT; };
		DBC98924CAA247A4A0C98238 /* /Users/ssmilkshake/Documents/MUSIC-8903-2016-Assignment1/src/CombFilter/CombFilter.cpp */ = {isa = PBXFileReference; explicitFileType = sourcecode.cpp.cpp; fileEncoding = 4; name = CombFilter.cpp; path = src/CombFilter/CombFilter.cpp; sourceTree = SOURCE_ROOT; };
		E27634B0C5354A84B5E74A19 /* /Users/ssmilkshake/Documents/MUSIC-8903-2016-Assignment1/src/inc/AudioFileIf.h */ = {isa = PBXFileReference; explicitFileType = sourcecode.c.h; fileEncoding = 4; name = AudioFileIf.h; path = src/inc/AudioFileIf.h; sourceTree = SOURCE_ROOT; };
		ECA2B3152E714C93B4339D19 /* /Users/ssmilkshake/Documents/MUSIC-8903-2016-Assignment1/3rdparty/sndlib/io.c */ = {isa = PBXFileReference; explicitFileType = sourcecode.c.c; fileEncoding = 4; name = io.c; path = 3rdparty/sndlib/io.c; sourceTree = SOURCE_ROOT; };
		F82D048B58F04A17AD8CB51A /* /Users/ssmilkshake/Documents/MUSIC-8903-2016-Assignment1/src/AudioFileIO/AudioFile.cpp */ = {isa = PBXFileReference; explicitFileType = sourcecode.cpp.cpp; fileEncoding = 4; name = AudioFile.cpp; path = src/AudioFileIO/AudioFile.cpp; sourceTree = SOURCE_ROOT; };
		FC535B199E4A460F892674ED /* /Users/ssmilkshake/Documents/MUSIC-8903-2016-Assignment1/3rdparty/sndlib/unix-config.h */ = {isa = PBXFileReference; explicitFileType = sourcecode.c.h; fileEncoding = 4; name = "unix-config.h"; path = "3rdparty/sndlib/unix-config.h"; sourceTree = SOURCE_ROOT; };
		FDA1710636CB4768900C4F88 /* /Users/ssmilkshake/Documents/MUSIC-8903-2016-Assignment1/3rdparty/sndlib/sound.c */ = {isa = PBXFileReference; explicitFileType = sourcecode.c.c; fileEncoding = 4; name = sound.c; path = 3rdparty/sndlib/sound.c; sourceTree = SOURCE_ROOT; };
		FF31066BD79D4F07A17D6531 /* /Users/ssmilkshake/Documents/MUSIC-8903-2016-Assignment1/3rdparty/sndlib/sndlib2xen.c */ = {isa = PBXFileReference; explicitFileType = sourcecode.c.c; fileEncoding = 4; name = sndlib2xen.c; path = 3rdparty/sndlib/sndlib2xen.c; sourceTree = SOURCE_ROOT; };
/* End PBXFileReference section */

/* Begin PBXGroup section */
		02603C1891BC4D2685307697 /* Source Files */ = {
			isa = PBXGroup;
			children = (
				DBC98924CAA247A4A0C98238 /* /Users/ssmilkshake/Documents/MUSIC-8903-2016-Assignment1/src/CombFilter/CombFilter.cpp */,
			);
			name = "Source Files";
			sourceTree = "<group>";
		};
		08713293A55C4D9DA54516FD /* Products */ = {
			isa = PBXGroup;
			children = (
				888DCC24F40846A1BE75F7A4 /* MUSI8903Exec */,
				21C643CED6A043AD83D99683 /* AudioFileIO */,
				536D91704D9847DCB9B3C3D0 /* sndlib */,
				6E534D8B0DEF436C9F347106 /* CombFilter */,
			);
			name = Products;
			sourceTree = "<group>";
		};
		0E723428FC6D41EEBD09E37E /* Sources */ = {
			isa = PBXGroup;
			children = (
				3D8670FA61AA42E8873A5C49 /* ALL_BUILD */,
				FCE8ACB0B16B4D73ACC0A906 /* ZERO_CHECK */,
				8CC90383FCF24638B2A2B135 /* MUSI8903Exec */,
				AED527A21F5246928B43E5AD /* AudioFileIO */,
				D844294BF7AC453CB98DE866 /* sndlib */,
				B3944533D4784D3496FF07A4 /* CombFilter */,
			);
			name = Sources;
			sourceTree = "<group>";
		};
		11AEBDE30BC045ABBB8EBC7A /* Source Files */ = {
			isa = PBXGroup;
			children = (
				89CBC66A526E440A90BEFB72 /* /Users/ssmilkshake/Documents/MUSIC-8903-2016-Assignment1/src/MUSI8903Exec/MUSI8903Exec.cpp */,
			);
			name = "Source Files";
			sourceTree = "<group>";
		};
		163100B28A474250A31882CC /* Source Files */ = {
			isa = PBXGroup;
			children = (
				3A9096A6D7754C2387180CBB /* /Users/ssmilkshake/Documents/MUSIC-8903-2016-Assignment1/3rdparty/sndlib/audio.c */,
				7CEA6AF2E7FD4187AB94E838 /* /Users/ssmilkshake/Documents/MUSIC-8903-2016-Assignment1/3rdparty/sndlib/clm.c */,
				5F3DAB0ACC424BDB818488D0 /* /Users/ssmilkshake/Documents/MUSIC-8903-2016-Assignment1/3rdparty/sndlib/clm2xen.c */,
				57FCECC23416431DAB91AE9D /* /Users/ssmilkshake/Documents/MUSIC-8903-2016-Assignment1/3rdparty/sndlib/headers.c */,
				ECA2B3152E714C93B4339D19 /* /Users/ssmilkshake/Documents/MUSIC-8903-2016-Assignment1/3rdparty/sndlib/io.c */,
				9E1CA4F219EF4F9D9E3E635E /* /Users/ssmilkshake/Documents/MUSIC-8903-2016-Assignment1/3rdparty/sndlib/s7.c */,
				FF31066BD79D4F07A17D6531 /* /Users/ssmilkshake/Documents/MUSIC-8903-2016-Assignment1/3rdparty/sndlib/sndlib2xen.c */,
				FDA1710636CB4768900C4F88 /* /Users/ssmilkshake/Documents/MUSIC-8903-2016-Assignment1/3rdparty/sndlib/sound.c */,
				1B6AF185103048F3950D4521 /* /Users/ssmilkshake/Documents/MUSIC-8903-2016-Assignment1/3rdparty/sndlib/vct.c */,
				1E44C9DC981246B7B2FB01F1 /* /Users/ssmilkshake/Documents/MUSIC-8903-2016-Assignment1/3rdparty/sndlib/xen.c */,
			);
			name = "Source Files";
			sourceTree = "<group>";
		};
		2E696060F5884F718794FF90 /* Header Files */ = {
			isa = PBXGroup;
			children = (
				190D2A3F61554A158CB0D254 /* /Users/ssmilkshake/Documents/MUSIC-8903-2016-Assignment1/3rdparty/sndlib/_sndlib.h */,
				60F3B7D76CA94F84A3BBBC6C /* /Users/ssmilkshake/Documents/MUSIC-8903-2016-Assignment1/3rdparty/sndlib/clm-strings.h */,
				9FE8E61B12DB4EC58D8F43D1 /* /Users/ssmilkshake/Documents/MUSIC-8903-2016-Assignment1/3rdparty/sndlib/clm.h */,
				ACDA9F8A4EE6434DAF788537 /* /Users/ssmilkshake/Documents/MUSIC-8903-2016-Assignment1/3rdparty/sndlib/clm2xen.h */,
				CEA1A10D208A4E5EB5EC57E2 /* /Users/ssmilkshake/Documents/MUSIC-8903-2016-Assignment1/3rdparty/sndlib/mus-config.h */,
				17D99150560441B695AC247D /* /Users/ssmilkshake/Documents/MUSIC-8903-2016-Assignment1/3rdparty/sndlib/s7.h */,
				1A146372C109403995BF4818 /* /Users/ssmilkshake/Documents/MUSIC-8903-2016-Assignment1/3rdparty/sndlib/sndlib-strings.h */,
				CEBF4E2B3740493CB4966171 /* /Users/ssmilkshake/Documents/MUSIC-8903-2016-Assignment1/3rdparty/sndlib/sndlib.h */,
				AFD64811CACC41F49CB7926E /* /Users/ssmilkshake/Documents/MUSIC-8903-2016-Assignment1/3rdparty/sndlib/sndlib2xen.h */,
				FC535B199E4A460F892674ED /* /Users/ssmilkshake/Documents/MUSIC-8903-2016-Assignment1/3rdparty/sndlib/unix-config.h */,
				6539D13A8F2D4E5189DACB96 /* /Users/ssmilkshake/Documents/MUSIC-8903-2016-Assignment1/3rdparty/sndlib/vct.h */,
				B0AB7C9BDED14F5AB12C38B3 /* /Users/ssmilkshake/Documents/MUSIC-8903-2016-Assignment1/3rdparty/sndlib/xen.h */,
			);
			name = "Header Files";
			sourceTree = "<group>";
		};
		3D8670FA61AA42E8873A5C49 /* ALL_BUILD */ = {
			isa = PBXGroup;
			children = (
				E2D47B87A76C43F6AC63E373 /* CMake Rules */,
				2B80A45CCE0247B693158CD5 /* /Users/ssmilkshake/Documents/MUSIC-8903-2016-Assignment1/CMakeLists.txt */,
			);
			name = ALL_BUILD;
			sourceTree = "<group>";
		};
		702450D5F68047EA89890C13 /* Header Files */ = {
			isa = PBXGroup;
			children = (
				A5B293000D0245E0822F7950 /* /Users/ssmilkshake/Documents/MUSIC-8903-2016-Assignment1/src/AudioFileIO/AudioFile.h */,
			);
			name = "Header Files";
			sourceTree = "<group>";
		};
		77A6CBFBA59541F5A550594F /* Header Files */ = {
			isa = PBXGroup;
			children = (
				45D6A77A9A6F411A846C7288 /* /Users/ssmilkshake/Documents/MUSIC-8903-2016-Assignment1/src/inc/AudioFileIf.h */,
				768D072D570247D0881A088E /* /Users/ssmilkshake/Documents/MUSIC-8903-2016-Assignment1/src/inc/CombFilter.hpp */,
				169AE308611C44DAA67166C9 /* /Users/ssmilkshake/Documents/MUSIC-8903-2016-Assignment1/src/inc/RingBuffer.h */,
				B4FDB6CA15C94EDE8E948389 /* /Users/ssmilkshake/Documents/MUSIC-8903-2016-Assignment1/src/inc/Util.h */,
				BD436A4411544541BC77A083 /* /Users/ssmilkshake/Documents/MUSIC-8903-2016-Assignment1/src/inc/Vector.h */,
			);
			name = "Header Files";
			sourceTree = "<group>";
		};
		782DBBB29DCD4FAF85E4F34C /* Resources */ = {
			isa = PBXGroup;
			children = (
			);
			name = Resources;
			sourceTree = "<group>";
		};
		813D6EC2079947B78C6EBB4C /* CMake Rules */ = {
			isa = PBXGroup;
			children = (
			);
			name = "CMake Rules";
			sourceTree = "<group>";
		};
		8CC90383FCF24638B2A2B135 /* MUSI8903Exec */ = {
			isa = PBXGroup;
			children = (
				11AEBDE30BC045ABBB8EBC7A /* Source Files */,
				77A6CBFBA59541F5A550594F /* Header Files */,
				74BCC241626D42459CB44993 /* /Users/ssmilkshake/Documents/MUSIC-8903-2016-Assignment1/src/MUSI8903Exec/CMakeLists.txt */,
			);
			name = MUSI8903Exec;
			sourceTree = "<group>";
		};
		9D1E46EC44864F7EA701477D /* Header Files */ = {
			isa = PBXGroup;
			children = (
				E27634B0C5354A84B5E74A19 /* /Users/ssmilkshake/Documents/MUSIC-8903-2016-Assignment1/src/inc/AudioFileIf.h */,
				8FF575FCA4174B48AF97061B /* /Users/ssmilkshake/Documents/MUSIC-8903-2016-Assignment1/src/inc/CombFilter.hpp */,
				263CC3E272B84692AE01C0A2 /* /Users/ssmilkshake/Documents/MUSIC-8903-2016-Assignment1/src/inc/RingBuffer.h */,
				C1B91E07F89945AD813F29D3 /* /Users/ssmilkshake/Documents/MUSIC-8903-2016-Assignment1/src/inc/Util.h */,
				2B4A344F4E3246F99E9096EA /* /Users/ssmilkshake/Documents/MUSIC-8903-2016-Assignment1/src/inc/Vector.h */,
			);
			name = "Header Files";
			sourceTree = "<group>";
		};
		AED527A21F5246928B43E5AD /* AudioFileIO */ = {
			isa = PBXGroup;
			children = (
				D3FEA3A426C8487DBEDF3E48 /* Source Files */,
				702450D5F68047EA89890C13 /* Header Files */,
				3F4D2BE489B14966B68AF8AD /* /Users/ssmilkshake/Documents/MUSIC-8903-2016-Assignment1/src/AudioFileIO/CMakeLists.txt */,
			);
			name = AudioFileIO;
			sourceTree = "<group>";
		};
		B3944533D4784D3496FF07A4 /* CombFilter */ = {
			isa = PBXGroup;
			children = (
				02603C1891BC4D2685307697 /* Source Files */,
				9D1E46EC44864F7EA701477D /* Header Files */,
				657481C9A410485583B13F53 /* /Users/ssmilkshake/Documents/MUSIC-8903-2016-Assignment1/src/CombFilter/CMakeLists.txt */,
			);
			name = CombFilter;
			sourceTree = "<group>";
		};
		D3FEA3A426C8487DBEDF3E48 /* Source Files */ = {
			isa = PBXGroup;
			children = (
				F82D048B58F04A17AD8CB51A /* /Users/ssmilkshake/Documents/MUSIC-8903-2016-Assignment1/src/AudioFileIO/AudioFile.cpp */,
				4A2E26B45C0C4C3082133E65 /* /Users/ssmilkshake/Documents/MUSIC-8903-2016-Assignment1/src/AudioFileIO/AudioFileIf.cpp */,
			);
			name = "Source Files";
			sourceTree = "<group>";
		};
		D844294BF7AC453CB98DE866 /* sndlib */ = {
			isa = PBXGroup;
			children = (
				163100B28A474250A31882CC /* Source Files */,
				2E696060F5884F718794FF90 /* Header Files */,
				4D8CF53F008642F7B844B275 /* /Users/ssmilkshake/Documents/MUSIC-8903-2016-Assignment1/3rdparty/sndlib/CMakeLists.txt */,
			);
			name = sndlib;
			sourceTree = "<group>";
		};
		DE3CCBA90564424AA726996C = {
			isa = PBXGroup;
			children = (
				0E723428FC6D41EEBD09E37E /* Sources */,
				782DBBB29DCD4FAF85E4F34C /* Resources */,
				08713293A55C4D9DA54516FD /* Products */,
			);
			sourceTree = "<group>";
		};
		E2D47B87A76C43F6AC63E373 /* CMake Rules */ = {
			isa = PBXGroup;
			children = (
			);
			name = "CMake Rules";
			sourceTree = "<group>";
		};
		FCE8ACB0B16B4D73ACC0A906 /* ZERO_CHECK */ = {
			isa = PBXGroup;
			children = (
				813D6EC2079947B78C6EBB4C /* CMake Rules */,
				700DD9C7EBD84694B7047A8D /* /Users/ssmilkshake/Documents/MUSIC-8903-2016-Assignment1/CMakeLists.txt */,
			);
			name = ZERO_CHECK;
			sourceTree = "<group>";
		};
/* End PBXGroup section */

/* Begin PBXNativeTarget section */
		030F14F86EB949EB8EE1DC60 /* AudioFileIO */ = {
			isa = PBXNativeTarget;
			buildConfigurationList = 60460E857ACD4867965E6FFE /* Build configuration list for PBXNativeTarget "AudioFileIO" */;
			buildPhases = (
				82C0E11D3D7A480A8F868942 /* Sources */,
			);
			buildRules = (
			);
			dependencies = (
				304D0620E9C847AE9437D494 /* PBXTargetDependency */,
				8578487028624D67B95D2B8E /* PBXTargetDependency */,
			);
			name = AudioFileIO;
			productName = AudioFileIO;
			productReference = 21C643CED6A043AD83D99683 /* AudioFileIO */;
			productType = "com.apple.product-type.library.static";
		};
		11568F7374F347539EDBEF9B /* sndlib */ = {
			isa = PBXNativeTarget;
			buildConfigurationList = 77D660B0C9D1411F89F06B13 /* Build configuration list for PBXNativeTarget "sndlib" */;
			buildPhases = (
				559EAC216CC54D0BB432DF22 /* Sources */,
			);
			buildRules = (
			);
			dependencies = (
				DC17927AA7F94F0C9559CAE4 /* PBXTargetDependency */,
			);
			name = sndlib;
			productName = sndlib;
			productReference = 536D91704D9847DCB9B3C3D0 /* sndlib */;
			productType = "com.apple.product-type.library.static";
		};
		5C4D6F09C86345D38571BA8B /* CombFilter */ = {
			isa = PBXNativeTarget;
			buildConfigurationList = E014847CDA1B4768A083C110 /* Build configuration list for PBXNativeTarget "CombFilter" */;
			buildPhases = (
				7A13945673EF4BA492F6428B /* Sources */,
			);
			buildRules = (
			);
			dependencies = (
				4CFD25DA2342423AA0E27C50 /* PBXTargetDependency */,
			);
			name = CombFilter;
			productName = CombFilter;
			productReference = 6E534D8B0DEF436C9F347106 /* CombFilter */;
			productType = "com.apple.product-type.library.static";
		};
		FE75101337E2411084729585 /* MUSI8903Exec */ = {
			isa = PBXNativeTarget;
			buildConfigurationList = 41740E5599284FF593356B88 /* Build configuration list for PBXNativeTarget "MUSI8903Exec" */;
			buildPhases = (
				6E7525D4B6284FD7A72AC6A5 /* Sources */,
			);
			buildRules = (
			);
			dependencies = (
				1F4CF38948BB40299A1E1342 /* PBXTargetDependency */,
				D99BDA6C6BFA471A9C652B58 /* PBXTargetDependency */,
				AE0BD9004F914181B5E677AD /* PBXTargetDependency */,
			);
			name = MUSI8903Exec;
			productName = MUSI8903Exec;
			productReference = 888DCC24F40846A1BE75F7A4 /* MUSI8903Exec */;
			productType = "com.apple.product-type.tool";
		};
/* End PBXNativeTarget section */

/* Begin PBXProject section */
		9554A12372F54214B0E6BDCF /* Project object */ = {
			isa = PBXProject;
			attributes = {
				BuildIndependentTargetsInParallel = YES;
			};
			buildConfigurationList = FD69666A0A7C4DE1A38524CF /* Build configuration list for PBXProject "MUSI8903" */;
			buildSettings = {
			};
			buildStyles = (
				BF72E9CAFDD94112AE45CA36 /* Debug */,
				8D07D8D16F6343ACADB85E6E /* Release */,
				B26560370E0D449F909986D1 /* MinSizeRel */,
				5644AA442FFC467787B88A1F /* RelWithDebInfo */,
			);
			compatibilityVersion = "Xcode 3.2";
			hasScannedForEncodings = 0;
			mainGroup = DE3CCBA90564424AA726996C;
			projectDirPath = ../;
			projectRoot = "";
			targets = (
				41664F4B28FA4EF19C9E1FC9 /* ALL_BUILD */,
				1B06839209564040A9B86F23 /* ZERO_CHECK */,
				FE75101337E2411084729585 /* MUSI8903Exec */,
				030F14F86EB949EB8EE1DC60 /* AudioFileIO */,
				11568F7374F347539EDBEF9B /* sndlib */,
				5C4D6F09C86345D38571BA8B /* CombFilter */,
			);
		};
/* End PBXProject section */

/* Begin PBXShellScriptBuildPhase section */
		1F2C49B0D1C94C3C83842B35 = {
			isa = PBXShellScriptBuildPhase;
			buildActionMask = 2147483647;
			files = (
			);
			inputPaths = (
			);
			outputPaths = (
			);
			runOnlyForDeploymentPostprocessing = 0;
			shellPath = /bin/sh;
			shellScript = "# shell script goes here
exit 0";
			showEnvVarsInLog = 0;
		};
		3D405A7C8F8047A49B1D4193 /* CMake Rules */ = {
			isa = PBXShellScriptBuildPhase;
			buildActionMask = 2147483647;
			files = (
			);
			name = "CMake Rules";
			runOnlyForDeploymentPostprocessing = 0;
			shellPath = /bin/sh;
			shellScript = "make -C /Users/ssmilkshake/Documents/MUSIC-8903-2016-Assignment1/bld -f /Users/ssmilkshake/Documents/MUSIC-8903-2016-Assignment1/bld/CMakeScripts/ZERO_CHECK_cmakeRulesBuildPhase.make$CONFIGURATION all";
			showEnvVarsInLog = 0;
		};
		6B9939A080E846AFB5AA40EA /* CMake Rules */ = {
			isa = PBXShellScriptBuildPhase;
			buildActionMask = 2147483647;
			files = (
			);
			name = "CMake Rules";
			runOnlyForDeploymentPostprocessing = 0;
			shellPath = /bin/sh;
			shellScript = "make -C /Users/ssmilkshake/Documents/MUSIC-8903-2016-Assignment1/bld -f /Users/ssmilkshake/Documents/MUSIC-8903-2016-Assignment1/bld/CMakeScripts/ALL_BUILD_cmakeRulesBuildPhase.make$CONFIGURATION all";
			showEnvVarsInLog = 0;
		};
		D4E6C506B5B24D34A13E4D77 = {
			isa = PBXShellScriptBuildPhase;
			buildActionMask = 2147483647;
			files = (
			);
			inputPaths = (
			);
			outputPaths = (
			);
			runOnlyForDeploymentPostprocessing = 0;
			shellPath = /bin/sh;
			shellScript = "# shell script goes here
exit 0";
			showEnvVarsInLog = 0;
		};
/* End PBXShellScriptBuildPhase section */

/* Begin PBXSourcesBuildPhase section */
		559EAC216CC54D0BB432DF22 /* Sources */ = {
			isa = PBXSourcesBuildPhase;
			buildActionMask = 2147483647;
			files = (
				80FC3F06B4924EB18D65BD15 /* /Users/ssmilkshake/Documents/MUSIC-8903-2016-Assignment1/3rdparty/sndlib/audio.c */,
				C0D2F73A1B6040B1A136C6E7 /* /Users/ssmilkshake/Documents/MUSIC-8903-2016-Assignment1/3rdparty/sndlib/clm.c */,
				BF9A8E8C0ECE43EA86AC1854 /* /Users/ssmilkshake/Documents/MUSIC-8903-2016-Assignment1/3rdparty/sndlib/clm2xen.c */,
				56DC4112051A4762A36EFA9A /* /Users/ssmilkshake/Documents/MUSIC-8903-2016-Assignment1/3rdparty/sndlib/headers.c */,
				9DAA6F71B9C143CD91603AC6 /* /Users/ssmilkshake/Documents/MUSIC-8903-2016-Assignment1/3rdparty/sndlib/io.c */,
				88F6096901FE4A9DBF9676E9 /* /Users/ssmilkshake/Documents/MUSIC-8903-2016-Assignment1/3rdparty/sndlib/s7.c */,
				8B86335C280143BF9E1FAB14 /* /Users/ssmilkshake/Documents/MUSIC-8903-2016-Assignment1/3rdparty/sndlib/sndlib2xen.c */,
				51C49E50F8AB43399284E9E7 /* /Users/ssmilkshake/Documents/MUSIC-8903-2016-Assignment1/3rdparty/sndlib/sound.c */,
				B3C8009E816C4D368EBFD101 /* /Users/ssmilkshake/Documents/MUSIC-8903-2016-Assignment1/3rdparty/sndlib/vct.c */,
				680B9ABB67B248DBB1C32774 /* /Users/ssmilkshake/Documents/MUSIC-8903-2016-Assignment1/3rdparty/sndlib/xen.c */,
			);
			runOnlyForDeploymentPostprocessing = 0;
		};
		6E7525D4B6284FD7A72AC6A5 /* Sources */ = {
			isa = PBXSourcesBuildPhase;
			buildActionMask = 2147483647;
			files = (
				CF17E27E0ECD44C3BA727898 /* /Users/ssmilkshake/Documents/MUSIC-8903-2016-Assignment1/src/MUSI8903Exec/MUSI8903Exec.cpp */,
			);
			runOnlyForDeploymentPostprocessing = 0;
		};
		7A13945673EF4BA492F6428B /* Sources */ = {
			isa = PBXSourcesBuildPhase;
			buildActionMask = 2147483647;
			files = (
				1C13FAB87B2D4A53BB85AD3E /* /Users/ssmilkshake/Documents/MUSIC-8903-2016-Assignment1/src/CombFilter/CombFilter.cpp */,
			);
			runOnlyForDeploymentPostprocessing = 0;
		};
		82C0E11D3D7A480A8F868942 /* Sources */ = {
			isa = PBXSourcesBuildPhase;
			buildActionMask = 2147483647;
			files = (
				7C06A2D6AC04414AB7D7D1D6 /* /Users/ssmilkshake/Documents/MUSIC-8903-2016-Assignment1/src/AudioFileIO/AudioFile.cpp */,
				9BE7824C0D2D404A9385CC51 /* /Users/ssmilkshake/Documents/MUSIC-8903-2016-Assignment1/src/AudioFileIO/AudioFileIf.cpp */,
			);
			runOnlyForDeploymentPostprocessing = 0;
		};
/* End PBXSourcesBuildPhase section */

/* Begin PBXTargetDependency section */
		114BF43AC75E4763AD2B9DFA /* PBXTargetDependency */ = {
			isa = PBXTargetDependency;
			target = 030F14F86EB949EB8EE1DC60 /* AudioFileIO */;
			targetProxy = 7A9A33868BFF417388F18E2A /* PBXContainerItemProxy */;
		};
		1C7A1AF5D5A747B3AAB65C17 /* PBXTargetDependency */ = {
			isa = PBXTargetDependency;
			target = 11568F7374F347539EDBEF9B /* sndlib */;
			targetProxy = A212F836C62C42FF9443FF51 /* PBXContainerItemProxy */;
		};
		1F4CF38948BB40299A1E1342 /* PBXTargetDependency */ = {
			isa = PBXTargetDependency;
			target = 11568F7374F347539EDBEF9B /* sndlib */;
			targetProxy = 4C8A4059AB744C11AE9A7D00 /* PBXContainerItemProxy */;
		};
		304D0620E9C847AE9437D494 /* PBXTargetDependency */ = {
			isa = PBXTargetDependency;
			target = 11568F7374F347539EDBEF9B /* sndlib */;
			targetProxy = 87E04EB9F0C2458390CBF4A0 /* PBXContainerItemProxy */;
		};
		39FC1D22E21B4A36B6AEC5E9 /* PBXTargetDependency */ = {
			isa = PBXTargetDependency;
			target = 1B06839209564040A9B86F23 /* ZERO_CHECK */;
			targetProxy = 9233C691CB704A9883746ADF /* PBXContainerItemProxy */;
		};
		4CFD25DA2342423AA0E27C50 /* PBXTargetDependency */ = {
			isa = PBXTargetDependency;
			target = 1B06839209564040A9B86F23 /* ZERO_CHECK */;
			targetProxy = 661DDD3E91524F1DAC222B8D /* PBXContainerItemProxy */;
		};
		8578487028624D67B95D2B8E /* PBXTargetDependency */ = {
			isa = PBXTargetDependency;
			target = 1B06839209564040A9B86F23 /* ZERO_CHECK */;
			targetProxy = 0ABBD894920F421A95A1BDF6 /* PBXContainerItemProxy */;
		};
		9A31E54802E8400A8B3AB3EC /* PBXTargetDependency */ = {
			isa = PBXTargetDependency;
			target = 5C4D6F09C86345D38571BA8B /* CombFilter */;
			targetProxy = 0055470F41034E398A925FB4 /* PBXContainerItemProxy */;
		};
		AE0BD9004F914181B5E677AD /* PBXTargetDependency */ = {
			isa = PBXTargetDependency;
			target = 1B06839209564040A9B86F23 /* ZERO_CHECK */;
			targetProxy = 31F4296CD9E541038D98BF01 /* PBXContainerItemProxy */;
		};
		B25055DBED5E4921A5913FFA /* PBXTargetDependency */ = {
			isa = PBXTargetDependency;
			target = FE75101337E2411084729585 /* MUSI8903Exec */;
			targetProxy = 76182CBC72F94E03BDDE8E44 /* PBXContainerItemProxy */;
		};
		D99BDA6C6BFA471A9C652B58 /* PBXTargetDependency */ = {
			isa = PBXTargetDependency;
			target = 030F14F86EB949EB8EE1DC60 /* AudioFileIO */;
			targetProxy = 441E7A14EC8541B98C55F445 /* PBXContainerItemProxy */;
		};
		DC17927AA7F94F0C9559CAE4 /* PBXTargetDependency */ = {
			isa = PBXTargetDependency;
			target = 1B06839209564040A9B86F23 /* ZERO_CHECK */;
			targetProxy = C76139FABCF54E8B90AE28EE /* PBXContainerItemProxy */;
		};
/* End PBXTargetDependency section */

/* Begin XCBuildConfiguration section */
		137513BA245443FE9382876E /* MinSizeRel */ = {
			isa = XCBuildConfiguration;
			buildSettings = {
				COMBINE_HIDPI_IMAGES = YES;
				GCC_GENERATE_DEBUGGING_SYMBOLS = YES;
				GCC_INLINES_ARE_PRIVATE_EXTERN = NO;
				GCC_OPTIMIZATION_LEVEL = 0;
				GCC_PREPROCESSOR_DEFINITIONS = ("'CMAKE_INTDIR=\"$(CONFIGURATION)$(EFFECTIVE_PLATFORM_NAME)\"'", );
				GCC_SYMBOLS_PRIVATE_EXTERN = NO;
				INSTALL_PATH = "";
				OTHER_LDFLAGS = " ";
				OTHER_REZFLAGS = "";
				PRODUCT_NAME = ZERO_CHECK;
				SECTORDER_FLAGS = "";
				SYMROOT = "/Users/ssmilkshake/Documents/MUSIC-8903-2016-Assignment1/bld";
				USE_HEADERMAP = NO;
				WARNING_CFLAGS = ("-Wmost", "-Wno-four-char-constants", "-Wno-unknown-pragmas", "$(inherited)", );
			};
			name = MinSizeRel;
		};
		1550A40B5204424D963F2D08 /* RelWithDebInfo */ = {
			isa = XCBuildConfiguration;
			buildSettings = {
				COMBINE_HIDPI_IMAGES = YES;
				GCC_GENERATE_DEBUGGING_SYMBOLS = YES;
				GCC_INLINES_ARE_PRIVATE_EXTERN = NO;
				GCC_OPTIMIZATION_LEVEL = 0;
				GCC_PREPROCESSOR_DEFINITIONS = ("'CMAKE_INTDIR=\"$(CONFIGURATION)$(EFFECTIVE_PLATFORM_NAME)\"'", );
				GCC_SYMBOLS_PRIVATE_EXTERN = NO;
				INSTALL_PATH = "";
				OTHER_LDFLAGS = " ";
				OTHER_REZFLAGS = "";
				PRODUCT_NAME = ALL_BUILD;
				SECTORDER_FLAGS = "";
				SYMROOT = "/Users/ssmilkshake/Documents/MUSIC-8903-2016-Assignment1/bld";
				USE_HEADERMAP = NO;
				WARNING_CFLAGS = ("-Wmost", "-Wno-four-char-constants", "-Wno-unknown-pragmas", "$(inherited)", );
			};
			name = RelWithDebInfo;
		};
		17D177A4D8E94679B7C5FAA7 /* Debug */ = {
			isa = XCBuildConfiguration;
			buildSettings = {
				COMBINE_HIDPI_IMAGES = YES;
				CONFIGURATION_BUILD_DIR = "/Users/ssmilkshake/Documents/MUSIC-8903-2016-Assignment1/lib/debug";
				EXECUTABLE_PREFIX = lib;
				EXECUTABLE_SUFFIX = .a;
				GCC_GENERATE_DEBUGGING_SYMBOLS = YES;
				GCC_INLINES_ARE_PRIVATE_EXTERN = NO;
				GCC_OPTIMIZATION_LEVEL = 0;
				GCC_PREPROCESSOR_DEFINITIONS = ("'CMAKE_INTDIR=\"$(CONFIGURATION)$(EFFECTIVE_PLATFORM_NAME)\"'", );
				GCC_SYMBOLS_PRIVATE_EXTERN = NO;
				HEADER_SEARCH_PATHS = ("/Users/ssmilkshake/Documents/MUSIC-8903-2016-Assignment1/3rdparty/sndlib", );
				INSTALL_PATH = "";
				LIBRARY_STYLE = STATIC;
				OTHER_CFLAGS = "   -w  ";
				OTHER_LIBTOOLFLAGS = " ";
				OTHER_REZFLAGS = "";
				PRODUCT_NAME = sndlib;
				SECTORDER_FLAGS = "";
				SYMROOT = "/Users/ssmilkshake/Documents/MUSIC-8903-2016-Assignment1/bld/AudioFileIO/sndlib";
				USE_HEADERMAP = NO;
				WARNING_CFLAGS = ("-Wmost", "-Wno-four-char-constants", "-Wno-unknown-pragmas", "$(inherited)", );
			};
			name = Debug;
		};
		180FA4A166A1461B8AEE8D1F /* Debug */ = {
			isa = XCBuildConfiguration;
			buildSettings = {
				COMBINE_HIDPI_IMAGES = YES;
				GCC_GENERATE_DEBUGGING_SYMBOLS = YES;
				GCC_INLINES_ARE_PRIVATE_EXTERN = NO;
				GCC_OPTIMIZATION_LEVEL = 0;
				GCC_PREPROCESSOR_DEFINITIONS = ("'CMAKE_INTDIR=\"$(CONFIGURATION)$(EFFECTIVE_PLATFORM_NAME)\"'", );
				GCC_SYMBOLS_PRIVATE_EXTERN = NO;
				INSTALL_PATH = "";
				OTHER_LDFLAGS = " ";
				OTHER_REZFLAGS = "";
				PRODUCT_NAME = ALL_BUILD;
				SECTORDER_FLAGS = "";
				SYMROOT = "/Users/ssmilkshake/Documents/MUSIC-8903-2016-Assignment1/bld";
				USE_HEADERMAP = NO;
				WARNING_CFLAGS = ("-Wmost", "-Wno-four-char-constants", "-Wno-unknown-pragmas", "$(inherited)", );
			};
			name = Debug;
		};
		265FB121E03942D59222ADAB /* Debug */ = {
			isa = XCBuildConfiguration;
			buildSettings = {
				ONLY_ACTIVE_ARCH = YES;
				SDKROOT = /Applications/Xcode.app/Contents/Developer/Platforms/MacOSX.platform/Developer/SDKs/MacOSX10.11.sdk;
				SYMROOT = "/Users/ssmilkshake/Documents/MUSIC-8903-2016-Assignment1/bld/build";
			};
			name = Debug;
		};
		384F9AC5870A4CA582D6B39C /* Release */ = {
			isa = XCBuildConfiguration;
			buildSettings = {
				COMBINE_HIDPI_IMAGES = YES;
				CONFIGURATION_BUILD_DIR = "/Users/ssmilkshake/Documents/MUSIC-8903-2016-Assignment1/lib/release";
				EXECUTABLE_PREFIX = lib;
				EXECUTABLE_SUFFIX = .a;
				GCC_GENERATE_DEBUGGING_SYMBOLS = NO;
				GCC_INLINES_ARE_PRIVATE_EXTERN = NO;
				GCC_OPTIMIZATION_LEVEL = 3;
				GCC_PREPROCESSOR_DEFINITIONS = ("'CMAKE_INTDIR=\"$(CONFIGURATION)$(EFFECTIVE_PLATFORM_NAME)\"'", );
				GCC_SYMBOLS_PRIVATE_EXTERN = NO;
				HEADER_SEARCH_PATHS = ("/Users/ssmilkshake/Documents/MUSIC-8903-2016-Assignment1/inc", "/Users/ssmilkshake/Documents/MUSIC-8903-2016-Assignment1/src/inc", "/Users/ssmilkshake/Documents/MUSIC-8903-2016-Assignment1/bld/inc", "/Users/ssmilkshake/Documents/MUSIC-8903-2016-Assignment1/3rdparty/sndlib", );
				INSTALL_PATH = "";
				LIBRARY_STYLE = STATIC;
				OTHER_CPLUSPLUSFLAGS = "    -DNDEBUG  ";
				OTHER_LIBTOOLFLAGS = " ";
				OTHER_REZFLAGS = "";
				PRODUCT_NAME = AudioFileIO;
				SECTORDER_FLAGS = "";
				SYMROOT = "/Users/ssmilkshake/Documents/MUSIC-8903-2016-Assignment1/bld/AudioFileIO";
				USE_HEADERMAP = NO;
				WARNING_CFLAGS = ("-Wmost", "-Wno-four-char-constants", "-Wno-unknown-pragmas", "$(inherited)", );
			};
			name = Release;
		};
		3CC8C2DCA59B4AC4B450DA39 /* Debug */ = {
			isa = XCBuildConfiguration;
			buildSettings = {
				COMBINE_HIDPI_IMAGES = YES;
				GCC_GENERATE_DEBUGGING_SYMBOLS = YES;
				GCC_INLINES_ARE_PRIVATE_EXTERN = NO;
				GCC_OPTIMIZATION_LEVEL = 0;
				GCC_PREPROCESSOR_DEFINITIONS = ("'CMAKE_INTDIR=\"$(CONFIGURATION)$(EFFECTIVE_PLATFORM_NAME)\"'", );
				GCC_SYMBOLS_PRIVATE_EXTERN = NO;
				INSTALL_PATH = "";
				OTHER_LDFLAGS = " ";
				OTHER_REZFLAGS = "";
				PRODUCT_NAME = ZERO_CHECK;
				SECTORDER_FLAGS = "";
				SYMROOT = "/Users/ssmilkshake/Documents/MUSIC-8903-2016-Assignment1/bld";
				USE_HEADERMAP = NO;
				WARNING_CFLAGS = ("-Wmost", "-Wno-four-char-constants", "-Wno-unknown-pragmas", "$(inherited)", );
			};
			name = Debug;
		};
		41919FA6D0FA46BA920716FD /* RelWithDebInfo */ = {
			isa = XCBuildConfiguration;
			buildSettings = {
				COMBINE_HIDPI_IMAGES = YES;
				CONFIGURATION_BUILD_DIR = "/Users/ssmilkshake/Documents/MUSIC-8903-2016-Assignment1/lib/relwithdebinfo";
				EXECUTABLE_PREFIX = lib;
				EXECUTABLE_SUFFIX = .a;
				GCC_GENERATE_DEBUGGING_SYMBOLS = YES;
				GCC_INLINES_ARE_PRIVATE_EXTERN = NO;
				GCC_OPTIMIZATION_LEVEL = 2;
				GCC_PREPROCESSOR_DEFINITIONS = ("'CMAKE_INTDIR=\"$(CONFIGURATION)$(EFFECTIVE_PLATFORM_NAME)\"'", );
				GCC_SYMBOLS_PRIVATE_EXTERN = NO;
				HEADER_SEARCH_PATHS = ("/Users/ssmilkshake/Documents/MUSIC-8903-2016-Assignment1/inc", "/Users/ssmilkshake/Documents/MUSIC-8903-2016-Assignment1/src/inc", "/Users/ssmilkshake/Documents/MUSIC-8903-2016-Assignment1/bld/inc", "/Users/ssmilkshake/Documents/MUSIC-8903-2016-Assignment1/3rdparty/sndlib", );
				INSTALL_PATH = "";
				LIBRARY_STYLE = STATIC;
				OTHER_CPLUSPLUSFLAGS = "       -DNDEBUG  ";
				OTHER_LIBTOOLFLAGS = " ";
				OTHER_REZFLAGS = "";
				PRODUCT_NAME = AudioFileIO;
				SECTORDER_FLAGS = "";
				SYMROOT = "/Users/ssmilkshake/Documents/MUSIC-8903-2016-Assignment1/bld/AudioFileIO";
				USE_HEADERMAP = NO;
				WARNING_CFLAGS = ("-Wmost", "-Wno-four-char-constants", "-Wno-unknown-pragmas", "$(inherited)", );
			};
			name = RelWithDebInfo;
		};
		466AD889855E43CC912BD41E /* Release */ = {
			isa = XCBuildConfiguration;
			buildSettings = {
				COMBINE_HIDPI_IMAGES = YES;
				CONFIGURATION_BUILD_DIR = "/Users/ssmilkshake/Documents/MUSIC-8903-2016-Assignment1/bin/release";
				EXECUTABLE_PREFIX = "";
				EXECUTABLE_SUFFIX = "";
				GCC_GENERATE_DEBUGGING_SYMBOLS = NO;
				GCC_INLINES_ARE_PRIVATE_EXTERN = NO;
				GCC_OPTIMIZATION_LEVEL = 3;
				GCC_PREPROCESSOR_DEFINITIONS = ("'CMAKE_INTDIR=\"$(CONFIGURATION)$(EFFECTIVE_PLATFORM_NAME)\"'", );
				GCC_SYMBOLS_PRIVATE_EXTERN = NO;
				HEADER_SEARCH_PATHS = ("/Users/ssmilkshake/Documents/MUSIC-8903-2016-Assignment1/inc", "/Users/ssmilkshake/Documents/MUSIC-8903-2016-Assignment1/src/inc", "/Users/ssmilkshake/Documents/MUSIC-8903-2016-Assignment1/bld/inc", );
				INSTALL_PATH = "";
				LIBRARY_SEARCH_PATHS = "";
				OTHER_CPLUSPLUSFLAGS = "    -DNDEBUG  ";
				OTHER_LDFLAGS = " -Wl,-search_paths_first -Wl,-headerpad_max_install_names  /Users/ssmilkshake/Documents/MUSIC-8903-2016-Assignment1/lib/release/libAudioFileIO.a /Users/ssmilkshake/Documents/MUSIC-8903-2016-Assignment1/lib/release/libsndlib.a";
				OTHER_REZFLAGS = "";
				PRODUCT_NAME = MUSI8903Exec;
				SECTORDER_FLAGS = "";
				SYMROOT = "/Users/ssmilkshake/Documents/MUSIC-8903-2016-Assignment1/bld/MUSI8903Exec";
				USE_HEADERMAP = NO;
				WARNING_CFLAGS = ("-Wmost", "-Wno-four-char-constants", "-Wno-unknown-pragmas", "$(inherited)", );
			};
			name = Release;
		};
		4E9C45067C1640C68163BFD5 /* RelWithDebInfo */ = {
			isa = XCBuildConfiguration;
			buildSettings = {
				COMBINE_HIDPI_IMAGES = YES;
				CONFIGURATION_BUILD_DIR = "/Users/ssmilkshake/Documents/MUSIC-8903-2016-Assignment1/bin/relwithdebinfo";
				EXECUTABLE_PREFIX = "";
				EXECUTABLE_SUFFIX = "";
				GCC_GENERATE_DEBUGGING_SYMBOLS = YES;
				GCC_INLINES_ARE_PRIVATE_EXTERN = NO;
				GCC_OPTIMIZATION_LEVEL = 2;
				GCC_PREPROCESSOR_DEFINITIONS = ("'CMAKE_INTDIR=\"$(CONFIGURATION)$(EFFECTIVE_PLATFORM_NAME)\"'", );
				GCC_SYMBOLS_PRIVATE_EXTERN = NO;
				HEADER_SEARCH_PATHS = ("/Users/ssmilkshake/Documents/MUSIC-8903-2016-Assignment1/inc", "/Users/ssmilkshake/Documents/MUSIC-8903-2016-Assignment1/src/inc", "/Users/ssmilkshake/Documents/MUSIC-8903-2016-Assignment1/bld/inc", );
				INSTALL_PATH = "";
				LIBRARY_SEARCH_PATHS = "";
				OTHER_CPLUSPLUSFLAGS = "       -DNDEBUG  ";
				OTHER_LDFLAGS = " -Wl,-search_paths_first -Wl,-headerpad_max_install_names  /Users/ssmilkshake/Documents/MUSIC-8903-2016-Assignment1/lib/relwithdebinfo/libAudioFileIO.a /Users/ssmilkshake/Documents/MUSIC-8903-2016-Assignment1/lib/relwithdebinfo/libsndlib.a";
				OTHER_REZFLAGS = "";
				PRODUCT_NAME = MUSI8903Exec;
				SECTORDER_FLAGS = "";
				SYMROOT = "/Users/ssmilkshake/Documents/MUSIC-8903-2016-Assignment1/bld/MUSI8903Exec";
				USE_HEADERMAP = NO;
				WARNING_CFLAGS = ("-Wmost", "-Wno-four-char-constants", "-Wno-unknown-pragmas", "$(inherited)", );
			};
			name = RelWithDebInfo;
		};
		6C7C8ACCAC9A4D8C894E707E /* RelWithDebInfo */ = {
			isa = XCBuildConfiguration;
			buildSettings = {
				COMBINE_HIDPI_IMAGES = YES;
				GCC_GENERATE_DEBUGGING_SYMBOLS = YES;
				GCC_INLINES_ARE_PRIVATE_EXTERN = NO;
				GCC_OPTIMIZATION_LEVEL = 0;
				GCC_PREPROCESSOR_DEFINITIONS = ("'CMAKE_INTDIR=\"$(CONFIGURATION)$(EFFECTIVE_PLATFORM_NAME)\"'", );
				GCC_SYMBOLS_PRIVATE_EXTERN = NO;
				INSTALL_PATH = "";
				OTHER_LDFLAGS = " ";
				OTHER_REZFLAGS = "";
				PRODUCT_NAME = ZERO_CHECK;
				SECTORDER_FLAGS = "";
				SYMROOT = "/Users/ssmilkshake/Documents/MUSIC-8903-2016-Assignment1/bld";
				USE_HEADERMAP = NO;
				WARNING_CFLAGS = ("-Wmost", "-Wno-four-char-constants", "-Wno-unknown-pragmas", "$(inherited)", );
			};
			name = RelWithDebInfo;
		};
		72AF92794D3E4EFC94B1DCA4 /* Release */ = {
			isa = XCBuildConfiguration;
			buildSettings = {
				ONLY_ACTIVE_ARCH = YES;
				SDKROOT = /Applications/Xcode.app/Contents/Developer/Platforms/MacOSX.platform/Developer/SDKs/MacOSX10.11.sdk;
				SYMROOT = "/Users/ssmilkshake/Documents/MUSIC-8903-2016-Assignment1/bld/build";
			};
			name = Release;
		};
		72F597D4B47046FE883D1CE9 /* Release */ = {
			isa = XCBuildConfiguration;
			buildSettings = {
				COMBINE_HIDPI_IMAGES = YES;
				GCC_GENERATE_DEBUGGING_SYMBOLS = YES;
				GCC_INLINES_ARE_PRIVATE_EXTERN = NO;
				GCC_OPTIMIZATION_LEVEL = 0;
				GCC_PREPROCESSOR_DEFINITIONS = ("'CMAKE_INTDIR=\"$(CONFIGURATION)$(EFFECTIVE_PLATFORM_NAME)\"'", );
				GCC_SYMBOLS_PRIVATE_EXTERN = NO;
				INSTALL_PATH = "";
				OTHER_LDFLAGS = " ";
				OTHER_REZFLAGS = "";
				PRODUCT_NAME = ZERO_CHECK;
				SECTORDER_FLAGS = "";
				SYMROOT = "/Users/ssmilkshake/Documents/MUSIC-8903-2016-Assignment1/bld";
				USE_HEADERMAP = NO;
				WARNING_CFLAGS = ("-Wmost", "-Wno-four-char-constants", "-Wno-unknown-pragmas", "$(inherited)", );
			};
			name = Release;
		};
		751D151C248B4E17B597E913 /* Debug */ = {
			isa = XCBuildConfiguration;
			buildSettings = {
				COMBINE_HIDPI_IMAGES = YES;
				CONFIGURATION_BUILD_DIR = "/Users/ssmilkshake/Documents/MUSIC-8903-2016-Assignment1/lib/debug";
				EXECUTABLE_PREFIX = lib;
				EXECUTABLE_SUFFIX = .a;
				GCC_GENERATE_DEBUGGING_SYMBOLS = YES;
				GCC_INLINES_ARE_PRIVATE_EXTERN = NO;
				GCC_OPTIMIZATION_LEVEL = 0;
				GCC_PREPROCESSOR_DEFINITIONS = ("'CMAKE_INTDIR=\"$(CONFIGURATION)$(EFFECTIVE_PLATFORM_NAME)\"'", );
				GCC_SYMBOLS_PRIVATE_EXTERN = NO;
				HEADER_SEARCH_PATHS = ("/Users/ssmilkshake/Documents/MUSIC-8903-2016-Assignment1/inc", "/Users/ssmilkshake/Documents/MUSIC-8903-2016-Assignment1/src/inc", "/Users/ssmilkshake/Documents/MUSIC-8903-2016-Assignment1/bld/inc", );
				INSTALL_PATH = "";
				LIBRARY_STYLE = STATIC;
				OTHER_CPLUSPLUSFLAGS = "    ";
				OTHER_LIBTOOLFLAGS = " ";
				OTHER_REZFLAGS = "";
				PRODUCT_NAME = CombFilter;
				SECTORDER_FLAGS = "";
				SYMROOT = "/Users/ssmilkshake/Documents/MUSIC-8903-2016-Assignment1/bld/CombFilter";
				USE_HEADERMAP = NO;
				WARNING_CFLAGS = ("-Wmost", "-Wno-four-char-constants", "-Wno-unknown-pragmas", "$(inherited)", );
			};
			name = Debug;
		};
		83FA86F2B07D4DCBA6F31DCE /* MinSizeRel */ = {
			isa = XCBuildConfiguration;
			buildSettings = {
				COMBINE_HIDPI_IMAGES = YES;
				CONFIGURATION_BUILD_DIR = "/Users/ssmilkshake/Documents/MUSIC-8903-2016-Assignment1/lib/MinSizeRel";
				EXECUTABLE_PREFIX = lib;
				EXECUTABLE_SUFFIX = .a;
				GCC_GENERATE_DEBUGGING_SYMBOLS = NO;
				GCC_INLINES_ARE_PRIVATE_EXTERN = NO;
				GCC_OPTIMIZATION_LEVEL = s;
				GCC_PREPROCESSOR_DEFINITIONS = ("'CMAKE_INTDIR=\"$(CONFIGURATION)$(EFFECTIVE_PLATFORM_NAME)\"'", );
				GCC_SYMBOLS_PRIVATE_EXTERN = NO;
				HEADER_SEARCH_PATHS = ("/Users/ssmilkshake/Documents/MUSIC-8903-2016-Assignment1/inc", "/Users/ssmilkshake/Documents/MUSIC-8903-2016-Assignment1/src/inc", "/Users/ssmilkshake/Documents/MUSIC-8903-2016-Assignment1/bld/inc", "/Users/ssmilkshake/Documents/MUSIC-8903-2016-Assignment1/3rdparty/sndlib", );
				INSTALL_PATH = "";
				LIBRARY_STYLE = STATIC;
				OTHER_CPLUSPLUSFLAGS = "    -DNDEBUG  ";
				OTHER_LIBTOOLFLAGS = " ";
				OTHER_REZFLAGS = "";
				PRODUCT_NAME = AudioFileIO;
				SECTORDER_FLAGS = "";
				SYMROOT = "/Users/ssmilkshake/Documents/MUSIC-8903-2016-Assignment1/bld/AudioFileIO";
				USE_HEADERMAP = NO;
				WARNING_CFLAGS = ("-Wmost", "-Wno-four-char-constants", "-Wno-unknown-pragmas", "$(inherited)", );
			};
			name = MinSizeRel;
		};
		8C792B518D624D7DA3DBDFA1 /* MinSizeRel */ = {
			isa = XCBuildConfiguration;
			buildSettings = {
				COMBINE_HIDPI_IMAGES = YES;
				CONFIGURATION_BUILD_DIR = "/Users/ssmilkshake/Documents/MUSIC-8903-2016-Assignment1/lib/MinSizeRel";
				EXECUTABLE_PREFIX = lib;
				EXECUTABLE_SUFFIX = .a;
				GCC_GENERATE_DEBUGGING_SYMBOLS = NO;
				GCC_INLINES_ARE_PRIVATE_EXTERN = NO;
				GCC_OPTIMIZATION_LEVEL = s;
				GCC_PREPROCESSOR_DEFINITIONS = ("'CMAKE_INTDIR=\"$(CONFIGURATION)$(EFFECTIVE_PLATFORM_NAME)\"'", );
				GCC_SYMBOLS_PRIVATE_EXTERN = NO;
				HEADER_SEARCH_PATHS = ("/Users/ssmilkshake/Documents/MUSIC-8903-2016-Assignment1/3rdparty/sndlib", );
				INSTALL_PATH = "";
				LIBRARY_STYLE = STATIC;
				OTHER_CFLAGS = "    -DNDEBUG -w  ";
				OTHER_LIBTOOLFLAGS = " ";
				OTHER_REZFLAGS = "";
				PRODUCT_NAME = sndlib;
				SECTORDER_FLAGS = "";
				SYMROOT = "/Users/ssmilkshake/Documents/MUSIC-8903-2016-Assignment1/bld/AudioFileIO/sndlib";
				USE_HEADERMAP = NO;
				WARNING_CFLAGS = ("-Wmost", "-Wno-four-char-constants", "-Wno-unknown-pragmas", "$(inherited)", );
			};
			name = MinSizeRel;
		};
		8E20149D33C946DDA1E952C5 /* MinSizeRel */ = {
			isa = XCBuildConfiguration;
			buildSettings = {
				ONLY_ACTIVE_ARCH = YES;
				SDKROOT = /Applications/Xcode.app/Contents/Developer/Platforms/MacOSX.platform/Developer/SDKs/MacOSX10.11.sdk;
				SYMROOT = "/Users/ssmilkshake/Documents/MUSIC-8903-2016-Assignment1/bld/build";
			};
			name = MinSizeRel;
		};
		9E9B975568964457AD7316CD /* Debug */ = {
			isa = XCBuildConfiguration;
			buildSettings = {
				COMBINE_HIDPI_IMAGES = YES;
				CONFIGURATION_BUILD_DIR = "/Users/ssmilkshake/Documents/MUSIC-8903-2016-Assignment1/bin/debug";
				EXECUTABLE_PREFIX = "";
				EXECUTABLE_SUFFIX = "";
				GCC_GENERATE_DEBUGGING_SYMBOLS = YES;
				GCC_INLINES_ARE_PRIVATE_EXTERN = NO;
				GCC_OPTIMIZATION_LEVEL = 0;
				GCC_PREPROCESSOR_DEFINITIONS = ("'CMAKE_INTDIR=\"$(CONFIGURATION)$(EFFECTIVE_PLATFORM_NAME)\"'", );
				GCC_SYMBOLS_PRIVATE_EXTERN = NO;
				HEADER_SEARCH_PATHS = ("/Users/ssmilkshake/Documents/MUSIC-8903-2016-Assignment1/inc", "/Users/ssmilkshake/Documents/MUSIC-8903-2016-Assignment1/src/inc", "/Users/ssmilkshake/Documents/MUSIC-8903-2016-Assignment1/bld/inc", );
				INSTALL_PATH = "";
				LIBRARY_SEARCH_PATHS = "";
				OTHER_CPLUSPLUSFLAGS = "    ";
				OTHER_LDFLAGS = " -Wl,-search_paths_first -Wl,-headerpad_max_install_names  /Users/ssmilkshake/Documents/MUSIC-8903-2016-Assignment1/lib/debug/libAudioFileIO.a /Users/ssmilkshake/Documents/MUSIC-8903-2016-Assignment1/lib/debug/libsndlib.a";
				OTHER_REZFLAGS = "";
				PRODUCT_NAME = MUSI8903Exec;
				SECTORDER_FLAGS = "";
				SYMROOT = "/Users/ssmilkshake/Documents/MUSIC-8903-2016-Assignment1/bld/MUSI8903Exec";
				USE_HEADERMAP = NO;
				WARNING_CFLAGS = ("-Wmost", "-Wno-four-char-constants", "-Wno-unknown-pragmas", "$(inherited)", );
			};
			name = Debug;
		};
		9F76B2822E6B46A6818868CC /* RelWithDebInfo */ = {
			isa = XCBuildConfiguration;
			buildSettings = {
				COMBINE_HIDPI_IMAGES = YES;
				CONFIGURATION_BUILD_DIR = "/Users/ssmilkshake/Documents/MUSIC-8903-2016-Assignment1/lib/relwithdebinfo";
				EXECUTABLE_PREFIX = lib;
				EXECUTABLE_SUFFIX = .a;
				GCC_GENERATE_DEBUGGING_SYMBOLS = YES;
				GCC_INLINES_ARE_PRIVATE_EXTERN = NO;
				GCC_OPTIMIZATION_LEVEL = 2;
				GCC_PREPROCESSOR_DEFINITIONS = ("'CMAKE_INTDIR=\"$(CONFIGURATION)$(EFFECTIVE_PLATFORM_NAME)\"'", );
				GCC_SYMBOLS_PRIVATE_EXTERN = NO;
				HEADER_SEARCH_PATHS = ("/Users/ssmilkshake/Documents/MUSIC-8903-2016-Assignment1/inc", "/Users/ssmilkshake/Documents/MUSIC-8903-2016-Assignment1/src/inc", "/Users/ssmilkshake/Documents/MUSIC-8903-2016-Assignment1/bld/inc", );
				INSTALL_PATH = "";
				LIBRARY_STYLE = STATIC;
				OTHER_CPLUSPLUSFLAGS = "       -DNDEBUG  ";
				OTHER_LIBTOOLFLAGS = " ";
				OTHER_REZFLAGS = "";
				PRODUCT_NAME = CombFilter;
				SECTORDER_FLAGS = "";
				SYMROOT = "/Users/ssmilkshake/Documents/MUSIC-8903-2016-Assignment1/bld/CombFilter";
				USE_HEADERMAP = NO;
				WARNING_CFLAGS = ("-Wmost", "-Wno-four-char-constants", "-Wno-unknown-pragmas", "$(inherited)", );
			};
			name = RelWithDebInfo;
		};
		A5D1AD645F254A51B68485CF /* Release */ = {
			isa = XCBuildConfiguration;
			buildSettings = {
				COMBINE_HIDPI_IMAGES = YES;
				CONFIGURATION_BUILD_DIR = "/Users/ssmilkshake/Documents/MUSIC-8903-2016-Assignment1/lib/release";
				EXECUTABLE_PREFIX = lib;
				EXECUTABLE_SUFFIX = .a;
				GCC_GENERATE_DEBUGGING_SYMBOLS = NO;
				GCC_INLINES_ARE_PRIVATE_EXTERN = NO;
				GCC_OPTIMIZATION_LEVEL = 3;
				GCC_PREPROCESSOR_DEFINITIONS = ("'CMAKE_INTDIR=\"$(CONFIGURATION)$(EFFECTIVE_PLATFORM_NAME)\"'", );
				GCC_SYMBOLS_PRIVATE_EXTERN = NO;
				HEADER_SEARCH_PATHS = ("/Users/ssmilkshake/Documents/MUSIC-8903-2016-Assignment1/3rdparty/sndlib", );
				INSTALL_PATH = "";
				LIBRARY_STYLE = STATIC;
				OTHER_CFLAGS = "    -DNDEBUG -w  ";
				OTHER_LIBTOOLFLAGS = " ";
				OTHER_REZFLAGS = "";
				PRODUCT_NAME = sndlib;
				SECTORDER_FLAGS = "";
				SYMROOT = "/Users/ssmilkshake/Documents/MUSIC-8903-2016-Assignment1/bld/AudioFileIO/sndlib";
				USE_HEADERMAP = NO;
				WARNING_CFLAGS = ("-Wmost", "-Wno-four-char-constants", "-Wno-unknown-pragmas", "$(inherited)", );
			};
			name = Release;
		};
		A8D122D99377489EAA0F6698 /* MinSizeRel */ = {
			isa = XCBuildConfiguration;
			buildSettings = {
				COMBINE_HIDPI_IMAGES = YES;
				CONFIGURATION_BUILD_DIR = "/Users/ssmilkshake/Documents/MUSIC-8903-2016-Assignment1/lib/MinSizeRel";
				EXECUTABLE_PREFIX = lib;
				EXECUTABLE_SUFFIX = .a;
				GCC_GENERATE_DEBUGGING_SYMBOLS = NO;
				GCC_INLINES_ARE_PRIVATE_EXTERN = NO;
				GCC_OPTIMIZATION_LEVEL = s;
				GCC_PREPROCESSOR_DEFINITIONS = ("'CMAKE_INTDIR=\"$(CONFIGURATION)$(EFFECTIVE_PLATFORM_NAME)\"'", );
				GCC_SYMBOLS_PRIVATE_EXTERN = NO;
				HEADER_SEARCH_PATHS = ("/Users/ssmilkshake/Documents/MUSIC-8903-2016-Assignment1/inc", "/Users/ssmilkshake/Documents/MUSIC-8903-2016-Assignment1/src/inc", "/Users/ssmilkshake/Documents/MUSIC-8903-2016-Assignment1/bld/inc", );
				INSTALL_PATH = "";
				LIBRARY_STYLE = STATIC;
				OTHER_CPLUSPLUSFLAGS = "    -DNDEBUG  ";
				OTHER_LIBTOOLFLAGS = " ";
				OTHER_REZFLAGS = "";
				PRODUCT_NAME = CombFilter;
				SECTORDER_FLAGS = "";
				SYMROOT = "/Users/ssmilkshake/Documents/MUSIC-8903-2016-Assignment1/bld/CombFilter";
				USE_HEADERMAP = NO;
				WARNING_CFLAGS = ("-Wmost", "-Wno-four-char-constants", "-Wno-unknown-pragmas", "$(inherited)", );
			};
			name = MinSizeRel;
		};
		AD27EA1406274BA1B8CF4BB2 /* Debug */ = {
			isa = XCBuildConfiguration;
			buildSettings = {
				COMBINE_HIDPI_IMAGES = YES;
				CONFIGURATION_BUILD_DIR = "/Users/ssmilkshake/Documents/MUSIC-8903-2016-Assignment1/lib/debug";
				EXECUTABLE_PREFIX = lib;
				EXECUTABLE_SUFFIX = .a;
				GCC_GENERATE_DEBUGGING_SYMBOLS = YES;
				GCC_INLINES_ARE_PRIVATE_EXTERN = NO;
				GCC_OPTIMIZATION_LEVEL = 0;
				GCC_PREPROCESSOR_DEFINITIONS = ("'CMAKE_INTDIR=\"$(CONFIGURATION)$(EFFECTIVE_PLATFORM_NAME)\"'", );
				GCC_SYMBOLS_PRIVATE_EXTERN = NO;
				HEADER_SEARCH_PATHS = ("/Users/ssmilkshake/Documents/MUSIC-8903-2016-Assignment1/inc", "/Users/ssmilkshake/Documents/MUSIC-8903-2016-Assignment1/src/inc", "/Users/ssmilkshake/Documents/MUSIC-8903-2016-Assignment1/bld/inc", "/Users/ssmilkshake/Documents/MUSIC-8903-2016-Assignment1/3rdparty/sndlib", );
				INSTALL_PATH = "";
				LIBRARY_STYLE = STATIC;
				OTHER_CPLUSPLUSFLAGS = "    ";
				OTHER_LIBTOOLFLAGS = " ";
				OTHER_REZFLAGS = "";
				PRODUCT_NAME = AudioFileIO;
				SECTORDER_FLAGS = "";
				SYMROOT = "/Users/ssmilkshake/Documents/MUSIC-8903-2016-Assignment1/bld/AudioFileIO";
				USE_HEADERMAP = NO;
				WARNING_CFLAGS = ("-Wmost", "-Wno-four-char-constants", "-Wno-unknown-pragmas", "$(inherited)", );
			};
			name = Debug;
		};
		B7CD8D49D33846D9B633D065 /* MinSizeRel */ = {
			isa = XCBuildConfiguration;
			buildSettings = {
				COMBINE_HIDPI_IMAGES = YES;
				GCC_GENERATE_DEBUGGING_SYMBOLS = YES;
				GCC_INLINES_ARE_PRIVATE_EXTERN = NO;
				GCC_OPTIMIZATION_LEVEL = 0;
				GCC_PREPROCESSOR_DEFINITIONS = ("'CMAKE_INTDIR=\"$(CONFIGURATION)$(EFFECTIVE_PLATFORM_NAME)\"'", );
				GCC_SYMBOLS_PRIVATE_EXTERN = NO;
				INSTALL_PATH = "";
				OTHER_LDFLAGS = " ";
				OTHER_REZFLAGS = "";
				PRODUCT_NAME = ALL_BUILD;
				SECTORDER_FLAGS = "";
				SYMROOT = "/Users/ssmilkshake/Documents/MUSIC-8903-2016-Assignment1/bld";
				USE_HEADERMAP = NO;
				WARNING_CFLAGS = ("-Wmost", "-Wno-four-char-constants", "-Wno-unknown-pragmas", "$(inherited)", );
			};
			name = MinSizeRel;
		};
		B7F63F7772C14250ABF75BB3 /* Release */ = {
			isa = XCBuildConfiguration;
			buildSettings = {
				COMBINE_HIDPI_IMAGES = YES;
				GCC_GENERATE_DEBUGGING_SYMBOLS = YES;
				GCC_INLINES_ARE_PRIVATE_EXTERN = NO;
				GCC_OPTIMIZATION_LEVEL = 0;
				GCC_PREPROCESSOR_DEFINITIONS = ("'CMAKE_INTDIR=\"$(CONFIGURATION)$(EFFECTIVE_PLATFORM_NAME)\"'", );
				GCC_SYMBOLS_PRIVATE_EXTERN = NO;
				INSTALL_PATH = "";
				OTHER_LDFLAGS = " ";
				OTHER_REZFLAGS = "";
				PRODUCT_NAME = ALL_BUILD;
				SECTORDER_FLAGS = "";
				SYMROOT = "/Users/ssmilkshake/Documents/MUSIC-8903-2016-Assignment1/bld";
				USE_HEADERMAP = NO;
				WARNING_CFLAGS = ("-Wmost", "-Wno-four-char-constants", "-Wno-unknown-pragmas", "$(inherited)", );
			};
			name = Release;
		};
		C374AB0DB4C442AA860212CE /* MinSizeRel */ = {
			isa = XCBuildConfiguration;
			buildSettings = {
				COMBINE_HIDPI_IMAGES = YES;
				CONFIGURATION_BUILD_DIR = "/Users/ssmilkshake/Documents/MUSIC-8903-2016-Assignment1/bin/MinSizeRel";
				EXECUTABLE_PREFIX = "";
				EXECUTABLE_SUFFIX = "";
				GCC_GENERATE_DEBUGGING_SYMBOLS = NO;
				GCC_INLINES_ARE_PRIVATE_EXTERN = NO;
				GCC_OPTIMIZATION_LEVEL = s;
				GCC_PREPROCESSOR_DEFINITIONS = ("'CMAKE_INTDIR=\"$(CONFIGURATION)$(EFFECTIVE_PLATFORM_NAME)\"'", );
				GCC_SYMBOLS_PRIVATE_EXTERN = NO;
				HEADER_SEARCH_PATHS = ("/Users/ssmilkshake/Documents/MUSIC-8903-2016-Assignment1/inc", "/Users/ssmilkshake/Documents/MUSIC-8903-2016-Assignment1/src/inc", "/Users/ssmilkshake/Documents/MUSIC-8903-2016-Assignment1/bld/inc", );
				INSTALL_PATH = "";
				LIBRARY_SEARCH_PATHS = "";
				OTHER_CPLUSPLUSFLAGS = "    -DNDEBUG  ";
				OTHER_LDFLAGS = " -Wl,-search_paths_first -Wl,-headerpad_max_install_names  /Users/ssmilkshake/Documents/MUSIC-8903-2016-Assignment1/lib/MinSizeRel/libAudioFileIO.a /Users/ssmilkshake/Documents/MUSIC-8903-2016-Assignment1/lib/MinSizeRel/libsndlib.a";
				OTHER_REZFLAGS = "";
				PRODUCT_NAME = MUSI8903Exec;
				SECTORDER_FLAGS = "";
				SYMROOT = "/Users/ssmilkshake/Documents/MUSIC-8903-2016-Assignment1/bld/MUSI8903Exec";
				USE_HEADERMAP = NO;
				WARNING_CFLAGS = ("-Wmost", "-Wno-four-char-constants", "-Wno-unknown-pragmas", "$(inherited)", );
			};
			name = MinSizeRel;
		};
		D5EA0B63923D46F8A0172E8D /* RelWithDebInfo */ = {
			isa = XCBuildConfiguration;
			buildSettings = {
				COMBINE_HIDPI_IMAGES = YES;
				CONFIGURATION_BUILD_DIR = "/Users/ssmilkshake/Documents/MUSIC-8903-2016-Assignment1/lib/relwithdebinfo";
				EXECUTABLE_PREFIX = lib;
				EXECUTABLE_SUFFIX = .a;
				GCC_GENERATE_DEBUGGING_SYMBOLS = YES;
				GCC_INLINES_ARE_PRIVATE_EXTERN = NO;
				GCC_OPTIMIZATION_LEVEL = 2;
				GCC_PREPROCESSOR_DEFINITIONS = ("'CMAKE_INTDIR=\"$(CONFIGURATION)$(EFFECTIVE_PLATFORM_NAME)\"'", );
				GCC_SYMBOLS_PRIVATE_EXTERN = NO;
				HEADER_SEARCH_PATHS = ("/Users/ssmilkshake/Documents/MUSIC-8903-2016-Assignment1/3rdparty/sndlib", );
				INSTALL_PATH = "";
				LIBRARY_STYLE = STATIC;
				OTHER_CFLAGS = "       -DNDEBUG -w  ";
				OTHER_LIBTOOLFLAGS = " ";
				OTHER_REZFLAGS = "";
				PRODUCT_NAME = sndlib;
				SECTORDER_FLAGS = "";
				SYMROOT = "/Users/ssmilkshake/Documents/MUSIC-8903-2016-Assignment1/bld/AudioFileIO/sndlib";
				USE_HEADERMAP = NO;
				WARNING_CFLAGS = ("-Wmost", "-Wno-four-char-constants", "-Wno-unknown-pragmas", "$(inherited)", );
			};
			name = RelWithDebInfo;
		};
		DB0645214FED4EDEA00B1823 /* RelWithDebInfo */ = {
			isa = XCBuildConfiguration;
			buildSettings = {
				ONLY_ACTIVE_ARCH = YES;
				SDKROOT = /Applications/Xcode.app/Contents/Developer/Platforms/MacOSX.platform/Developer/SDKs/MacOSX10.11.sdk;
				SYMROOT = "/Users/ssmilkshake/Documents/MUSIC-8903-2016-Assignment1/bld/build";
			};
			name = RelWithDebInfo;
		};
		EC60715A086E4ACA80EEDD26 /* Release */ = {
			isa = XCBuildConfiguration;
			buildSettings = {
				COMBINE_HIDPI_IMAGES = YES;
				CONFIGURATION_BUILD_DIR = "/Users/ssmilkshake/Documents/MUSIC-8903-2016-Assignment1/lib/release";
				EXECUTABLE_PREFIX = lib;
				EXECUTABLE_SUFFIX = .a;
				GCC_GENERATE_DEBUGGING_SYMBOLS = NO;
				GCC_INLINES_ARE_PRIVATE_EXTERN = NO;
				GCC_OPTIMIZATION_LEVEL = 3;
				GCC_PREPROCESSOR_DEFINITIONS = ("'CMAKE_INTDIR=\"$(CONFIGURATION)$(EFFECTIVE_PLATFORM_NAME)\"'", );
				GCC_SYMBOLS_PRIVATE_EXTERN = NO;
				HEADER_SEARCH_PATHS = ("/Users/ssmilkshake/Documents/MUSIC-8903-2016-Assignment1/inc", "/Users/ssmilkshake/Documents/MUSIC-8903-2016-Assignment1/src/inc", "/Users/ssmilkshake/Documents/MUSIC-8903-2016-Assignment1/bld/inc", );
				INSTALL_PATH = "";
				LIBRARY_STYLE = STATIC;
				OTHER_CPLUSPLUSFLAGS = "    -DNDEBUG  ";
				OTHER_LIBTOOLFLAGS = " ";
				OTHER_REZFLAGS = "";
				PRODUCT_NAME = CombFilter;
				SECTORDER_FLAGS = "";
				SYMROOT = "/Users/ssmilkshake/Documents/MUSIC-8903-2016-Assignment1/bld/CombFilter";
				USE_HEADERMAP = NO;
				WARNING_CFLAGS = ("-Wmost", "-Wno-four-char-constants", "-Wno-unknown-pragmas", "$(inherited)", );
			};
			name = Release;
		};
/* End XCBuildConfiguration section */

/* Begin XCConfigurationList section */
		41740E5599284FF593356B88 /* Build configuration list for PBXNativeTarget "MUSI8903Exec" */ = {
			isa = XCConfigurationList;
			buildConfigurations = (
				9E9B975568964457AD7316CD /* Debug */,
				466AD889855E43CC912BD41E /* Release */,
				C374AB0DB4C442AA860212CE /* MinSizeRel */,
				4E9C45067C1640C68163BFD5 /* RelWithDebInfo */,
			);
			defaultConfigurationIsVisible = 0;
			defaultConfigurationName = Debug;
		};
		458E29C2F5CE4600AA7438C6 /* Build configuration list for PBXAggregateTarget "ALL_BUILD" */ = {
			isa = XCConfigurationList;
			buildConfigurations = (
				180FA4A166A1461B8AEE8D1F /* Debug */,
				B7F63F7772C14250ABF75BB3 /* Release */,
				B7CD8D49D33846D9B633D065 /* MinSizeRel */,
				1550A40B5204424D963F2D08 /* RelWithDebInfo */,
			);
			defaultConfigurationIsVisible = 0;
			defaultConfigurationName = Debug;
		};
		60460E857ACD4867965E6FFE /* Build configuration list for PBXNativeTarget "AudioFileIO" */ = {
			isa = XCConfigurationList;
			buildConfigurations = (
				AD27EA1406274BA1B8CF4BB2 /* Debug */,
				384F9AC5870A4CA582D6B39C /* Release */,
				83FA86F2B07D4DCBA6F31DCE /* MinSizeRel */,
				41919FA6D0FA46BA920716FD /* RelWithDebInfo */,
			);
			defaultConfigurationIsVisible = 0;
			defaultConfigurationName = Debug;
		};
		77D660B0C9D1411F89F06B13 /* Build configuration list for PBXNativeTarget "sndlib" */ = {
			isa = XCConfigurationList;
			buildConfigurations = (
				17D177A4D8E94679B7C5FAA7 /* Debug */,
				A5D1AD645F254A51B68485CF /* Release */,
				8C792B518D624D7DA3DBDFA1 /* MinSizeRel */,
				D5EA0B63923D46F8A0172E8D /* RelWithDebInfo */,
			);
			defaultConfigurationIsVisible = 0;
			defaultConfigurationName = Debug;
		};
		BCA508E10D494170BE48E217 /* Build configuration list for PBXAggregateTarget "ZERO_CHECK" */ = {
			isa = XCConfigurationList;
			buildConfigurations = (
				3CC8C2DCA59B4AC4B450DA39 /* Debug */,
				72F597D4B47046FE883D1CE9 /* Release */,
				137513BA245443FE9382876E /* MinSizeRel */,
				6C7C8ACCAC9A4D8C894E707E /* RelWithDebInfo */,
			);
			defaultConfigurationIsVisible = 0;
			defaultConfigurationName = Debug;
		};
		E014847CDA1B4768A083C110 /* Build configuration list for PBXNativeTarget "CombFilter" */ = {
			isa = XCConfigurationList;
			buildConfigurations = (
				751D151C248B4E17B597E913 /* Debug */,
				EC60715A086E4ACA80EEDD26 /* Release */,
				A8D122D99377489EAA0F6698 /* MinSizeRel */,
				9F76B2822E6B46A6818868CC /* RelWithDebInfo */,
			);
			defaultConfigurationIsVisible = 0;
			defaultConfigurationName = Debug;
		};
		FD69666A0A7C4DE1A38524CF /* Build configuration list for PBXProject "MUSI8903" */ = {
			isa = XCConfigurationList;
			buildConfigurations = (
				265FB121E03942D59222ADAB /* Debug */,
				72AF92794D3E4EFC94B1DCA4 /* Release */,
				8E20149D33C946DDA1E952C5 /* MinSizeRel */,
				DB0645214FED4EDEA00B1823 /* RelWithDebInfo */,
			);
			defaultConfigurationIsVisible = 0;
			defaultConfigurationName = Debug;
		};
/* End XCConfigurationList section */
	};
	rootObject = 9554A12372F54214B0E6BDCF /* Project object */;
}
